// !$*UTF8*$!
{
	archiveVersion = 1;
	classes = {
	};
	objectVersion = 46;
	objects = {

/* Begin PBXBuildFile section */
		1B051A241DAE3B8D00AA78D7 /* CAEmitter.m in Sources */ = {isa = PBXBuildFile; fileRef = 1B0519AF1DAE3B8D00AA78D7 /* CAEmitter.m */; };
		1B051A251DAE3B8D00AA78D7 /* CompressImage.m in Sources */ = {isa = PBXBuildFile; fileRef = 1B0519B21DAE3B8D00AA78D7 /* CompressImage.m */; };
		1B051A261DAE3B8D00AA78D7 /* CompressImage.m in Sources */ = {isa = PBXBuildFile; fileRef = 1B0519B51DAE3B8D00AA78D7 /* CompressImage.m */; };
		1B051A271DAE3B8D00AA78D7 /* BCollectionView.m in Sources */ = {isa = PBXBuildFile; fileRef = 1B0519B91DAE3B8D00AA78D7 /* BCollectionView.m */; };
		1B051A281DAE3B8D00AA78D7 /* BCollectionViewCell.m in Sources */ = {isa = PBXBuildFile; fileRef = 1B0519BB1DAE3B8D00AA78D7 /* BCollectionViewCell.m */; };
		1B051A291DAE3B8D00AA78D7 /* BTableView.m in Sources */ = {isa = PBXBuildFile; fileRef = 1B0519BE1DAE3B8D00AA78D7 /* BTableView.m */; };
		1B051A2A1DAE3B8D00AA78D7 /* BTableViewCell.m in Sources */ = {isa = PBXBuildFile; fileRef = 1B0519C01DAE3B8D00AA78D7 /* BTableViewCell.m */; };
		1B051A2B1DAE3B8D00AA78D7 /* Calculagraph.m in Sources */ = {isa = PBXBuildFile; fileRef = 1B0519C31DAE3B8D00AA78D7 /* Calculagraph.m */; };
		1B051A2C1DAE3B8D00AA78D7 /* MSWeakTimer.m in Sources */ = {isa = PBXBuildFile; fileRef = 1B0519C51DAE3B8D00AA78D7 /* MSWeakTimer.m */; };
		1B051A2D1DAE3B8D00AA78D7 /* CALayer+Addition.m in Sources */ = {isa = PBXBuildFile; fileRef = 1B0519C91DAE3B8D00AA78D7 /* CALayer+Addition.m */; };
		1B051A2E1DAE3B8D00AA78D7 /* UIImage+animatedGIF.m in Sources */ = {isa = PBXBuildFile; fileRef = 1B0519CC1DAE3B8D00AA78D7 /* UIImage+animatedGIF.m */; };
		1B051A2F1DAE3B8D00AA78D7 /* NSString+Emoji.m in Sources */ = {isa = PBXBuildFile; fileRef = 1B0519CF1DAE3B8D00AA78D7 /* NSString+Emoji.m */; };
		1B051A301DAE3B8D00AA78D7 /* NSString+FilterString.m in Sources */ = {isa = PBXBuildFile; fileRef = 1B0519D21DAE3B8D00AA78D7 /* NSString+FilterString.m */; };
		1B051A311DAE3B8D00AA78D7 /* UIImage+BlurGlass.m in Sources */ = {isa = PBXBuildFile; fileRef = 1B0519D51DAE3B8D00AA78D7 /* UIImage+BlurGlass.m */; };
		1B051A321DAE3B8D00AA78D7 /* UIImage+ColorImage.m in Sources */ = {isa = PBXBuildFile; fileRef = 1B0519D71DAE3B8D00AA78D7 /* UIImage+ColorImage.m */; };
		1B051A331DAE3B8D00AA78D7 /* JFillImage.m in Sources */ = {isa = PBXBuildFile; fileRef = 1B0519D91DAE3B8D00AA78D7 /* JFillImage.m */; };
		1B051A341DAE3B8D00AA78D7 /* NSDate+SSToolkitAdditions.m in Sources */ = {isa = PBXBuildFile; fileRef = 1B0519DB1DAE3B8D00AA78D7 /* NSDate+SSToolkitAdditions.m */; };
		1B051A351DAE3B8D00AA78D7 /* NSNumber+Arithmetic.m in Sources */ = {isa = PBXBuildFile; fileRef = 1B0519DD1DAE3B8D00AA78D7 /* NSNumber+Arithmetic.m */; };
		1B051A361DAE3B8D00AA78D7 /* UIImage+Resize.m in Sources */ = {isa = PBXBuildFile; fileRef = 1B0519E01DAE3B8D00AA78D7 /* UIImage+Resize.m */; };
		1B051A371DAE3B8D00AA78D7 /* UITableView+FDIndexPathHeightCache.m in Sources */ = {isa = PBXBuildFile; fileRef = 1B0519E21DAE3B8D00AA78D7 /* UITableView+FDIndexPathHeightCache.m */; };
		1B051A381DAE3B8D00AA78D7 /* UITableView+FDKeyedHeightCache.m in Sources */ = {isa = PBXBuildFile; fileRef = 1B0519E41DAE3B8D00AA78D7 /* UITableView+FDKeyedHeightCache.m */; };
		1B051A391DAE3B8D00AA78D7 /* UITableView+FDTemplateLayoutCell.m in Sources */ = {isa = PBXBuildFile; fileRef = 1B0519E61DAE3B8D00AA78D7 /* UITableView+FDTemplateLayoutCell.m */; };
		1B051A3A1DAE3B8D00AA78D7 /* UITableView+FDTemplateLayoutCellDebug.m in Sources */ = {isa = PBXBuildFile; fileRef = 1B0519E81DAE3B8D00AA78D7 /* UITableView+FDTemplateLayoutCellDebug.m */; };
		1B051A3B1DAE3B8D00AA78D7 /* UIView+Fram.m in Sources */ = {isa = PBXBuildFile; fileRef = 1B0519EA1DAE3B8D00AA78D7 /* UIView+Fram.m */; };
		1B051A3C1DAE3B8D00AA78D7 /* JTableViewDelegate.m in Sources */ = {isa = PBXBuildFile; fileRef = 1B0519ED1DAE3B8D00AA78D7 /* JTableViewDelegate.m */; };
		1B051A3D1DAE3B8D00AA78D7 /* DBManager.m in Sources */ = {isa = PBXBuildFile; fileRef = 1B0519F01DAE3B8D00AA78D7 /* DBManager.m */; };
		1B051A3E1DAE3B8D00AA78D7 /* JmpManager.m in Sources */ = {isa = PBXBuildFile; fileRef = 1B0519F31DAE3B8D00AA78D7 /* JmpManager.m */; };
		1B051A3F1DAE3B8D00AA78D7 /* MemoryLog.m in Sources */ = {isa = PBXBuildFile; fileRef = 1B0519F61DAE3B8D00AA78D7 /* MemoryLog.m */; };
		1B051A401DAE3B8D00AA78D7 /* ControllerManager.m in Sources */ = {isa = PBXBuildFile; fileRef = 1B0519F91DAE3B8D00AA78D7 /* ControllerManager.m */; };
		1B051A411DAE3B8D00AA78D7 /* DataManager.m in Sources */ = {isa = PBXBuildFile; fileRef = 1B0519FB1DAE3B8D00AA78D7 /* DataManager.m */; };
		1B051A421DAE3B8D00AA78D7 /* PageManager.m in Sources */ = {isa = PBXBuildFile; fileRef = 1B0519FD1DAE3B8D00AA78D7 /* PageManager.m */; };
		1B051A431DAE3B8D00AA78D7 /* Post.m in Sources */ = {isa = PBXBuildFile; fileRef = 1B0519FF1DAE3B8D00AA78D7 /* Post.m */; };
		1B051A441DAE3B8D00AA78D7 /* PostModel.m in Sources */ = {isa = PBXBuildFile; fileRef = 1B051A011DAE3B8D00AA78D7 /* PostModel.m */; };
		1B051A451DAE3B8D00AA78D7 /* PhotoGroupInfo.m in Sources */ = {isa = PBXBuildFile; fileRef = 1B051A041DAE3B8D00AA78D7 /* PhotoGroupInfo.m */; };
		1B051A461DAE3B8D00AA78D7 /* PhotoGroupPicker.m in Sources */ = {isa = PBXBuildFile; fileRef = 1B051A061DAE3B8D00AA78D7 /* PhotoGroupPicker.m */; };
		1B051A471DAE3B8D00AA78D7 /* ItemView.m in Sources */ = {isa = PBXBuildFile; fileRef = 1B051A0B1DAE3B8D00AA78D7 /* ItemView.m */; };
		1B051A481DAE3B8D00AA78D7 /* ToolBarView.m in Sources */ = {isa = PBXBuildFile; fileRef = 1B051A0D1DAE3B8D00AA78D7 /* ToolBarView.m */; };
		1B051A491DAE3B8D00AA78D7 /* ToolNavView.m in Sources */ = {isa = PBXBuildFile; fileRef = 1B051A0F1DAE3B8D00AA78D7 /* ToolNavView.m */; };
		1B051A4A1DAE3B8D00AA78D7 /* ToolView.m in Sources */ = {isa = PBXBuildFile; fileRef = 1B051A111DAE3B8D00AA78D7 /* ToolView.m */; };
		1B051A4B1DAE3B8D00AA78D7 /* UsrEntity.m in Sources */ = {isa = PBXBuildFile; fileRef = 1B051A151DAE3B8D00AA78D7 /* UsrEntity.m */; };
		1B051A4C1DAE3B8D00AA78D7 /* UsrManager.m in Sources */ = {isa = PBXBuildFile; fileRef = 1B051A171DAE3B8D00AA78D7 /* UsrManager.m */; };
		1B051A4D1DAE3B8D00AA78D7 /* 1.jpg in Resources */ = {isa = PBXBuildFile; fileRef = 1B051A1A1DAE3B8D00AA78D7 /* 1.jpg */; };
		1B051A4E1DAE3B8D00AA78D7 /* BFilletImageView.m in Sources */ = {isa = PBXBuildFile; fileRef = 1B051A1C1DAE3B8D00AA78D7 /* BFilletImageView.m */; };
		1B051A4F1DAE3B8D00AA78D7 /* FlagImageView.m in Sources */ = {isa = PBXBuildFile; fileRef = 1B051A1E1DAE3B8D00AA78D7 /* FlagImageView.m */; };
		1B051A501DAE3B8D00AA78D7 /* TouchPhotoView.m in Sources */ = {isa = PBXBuildFile; fileRef = 1B051A201DAE3B8D00AA78D7 /* TouchPhotoView.m */; };
		1B051A511DAE3B8D00AA78D7 /* Bubble.m in Sources */ = {isa = PBXBuildFile; fileRef = 1B051A231DAE3B8D00AA78D7 /* Bubble.m */; };
		1B051A551DAE3BFE00AA78D7 /* XCHudHelper.m in Sources */ = {isa = PBXBuildFile; fileRef = 1B051A541DAE3BFE00AA78D7 /* XCHudHelper.m */; };
		1B058FE91DAE2BD400B4DEF8 /* main.m in Sources */ = {isa = PBXBuildFile; fileRef = 1B058FE81DAE2BD400B4DEF8 /* main.m */; };
		1B058FEC1DAE2BD400B4DEF8 /* AppDelegate.m in Sources */ = {isa = PBXBuildFile; fileRef = 1B058FEB1DAE2BD400B4DEF8 /* AppDelegate.m */; };
		1B058FEF1DAE2BD400B4DEF8 /* ViewController.m in Sources */ = {isa = PBXBuildFile; fileRef = 1B058FEE1DAE2BD400B4DEF8 /* ViewController.m */; };
		1B058FF21DAE2BD400B4DEF8 /* Main.storyboard in Resources */ = {isa = PBXBuildFile; fileRef = 1B058FF01DAE2BD400B4DEF8 /* Main.storyboard */; };
		1B058FF41DAE2BD400B4DEF8 /* Assets.xcassets in Resources */ = {isa = PBXBuildFile; fileRef = 1B058FF31DAE2BD400B4DEF8 /* Assets.xcassets */; };
		1B058FF71DAE2BD400B4DEF8 /* LaunchScreen.storyboard in Resources */ = {isa = PBXBuildFile; fileRef = 1B058FF51DAE2BD400B4DEF8 /* LaunchScreen.storyboard */; };
		1B0590021DAE2BD400B4DEF8 /* FinalEditionTests.m in Sources */ = {isa = PBXBuildFile; fileRef = 1B0590011DAE2BD400B4DEF8 /* FinalEditionTests.m */; };
		1B05900D1DAE2BD500B4DEF8 /* FinalEditionUITests.m in Sources */ = {isa = PBXBuildFile; fileRef = 1B05900C1DAE2BD500B4DEF8 /* FinalEditionUITests.m */; };
		1B60CF8C1DAF2F5200FAB726 /* Post.m in Sources */ = {isa = PBXBuildFile; fileRef = 1B60CF891DAF2F5200FAB726 /* Post.m */; };
		1B60CF8D1DAF2F5200FAB726 /* PostModel.m in Sources */ = {isa = PBXBuildFile; fileRef = 1B60CF8B1DAF2F5200FAB726 /* PostModel.m */; };
		1B60CFA91DAF2F8900FAB726 /* LICENSE in Resources */ = {isa = PBXBuildFile; fileRef = 1B60CF8F1DAF2F8900FAB726 /* LICENSE */; };
		1B60CFAA1DAF2F8900FAB726 /* MJDictionaryCache.m in Sources */ = {isa = PBXBuildFile; fileRef = 1B60CF921DAF2F8900FAB726 /* MJDictionaryCache.m */; };
		1B60CFAB1DAF2F8900FAB726 /* MJExtensionConst.m in Sources */ = {isa = PBXBuildFile; fileRef = 1B60CF951DAF2F8900FAB726 /* MJExtensionConst.m */; };
		1B60CFAC1DAF2F8900FAB726 /* MJFoundation.m in Sources */ = {isa = PBXBuildFile; fileRef = 1B60CF971DAF2F8900FAB726 /* MJFoundation.m */; };
		1B60CFAD1DAF2F8900FAB726 /* MJProperty.m in Sources */ = {isa = PBXBuildFile; fileRef = 1B60CF991DAF2F8900FAB726 /* MJProperty.m */; };
		1B60CFAE1DAF2F8900FAB726 /* MJPropertyKey.m in Sources */ = {isa = PBXBuildFile; fileRef = 1B60CF9B1DAF2F8900FAB726 /* MJPropertyKey.m */; };
		1B60CFAF1DAF2F8900FAB726 /* MJPropertyType.m in Sources */ = {isa = PBXBuildFile; fileRef = 1B60CF9D1DAF2F8900FAB726 /* MJPropertyType.m */; };
		1B60CFB01DAF2F8900FAB726 /* NSObject+MJClass.m in Sources */ = {isa = PBXBuildFile; fileRef = 1B60CF9F1DAF2F8900FAB726 /* NSObject+MJClass.m */; };
		1B60CFB11DAF2F8900FAB726 /* NSObject+MJCoding.m in Sources */ = {isa = PBXBuildFile; fileRef = 1B60CFA11DAF2F8900FAB726 /* NSObject+MJCoding.m */; };
		1B60CFB21DAF2F8900FAB726 /* NSObject+MJKeyValue.m in Sources */ = {isa = PBXBuildFile; fileRef = 1B60CFA31DAF2F8900FAB726 /* NSObject+MJKeyValue.m */; };
		1B60CFB31DAF2F8900FAB726 /* NSObject+MJProperty.m in Sources */ = {isa = PBXBuildFile; fileRef = 1B60CFA51DAF2F8900FAB726 /* NSObject+MJProperty.m */; };
		1B60CFB41DAF2F8900FAB726 /* NSString+MJExtension.m in Sources */ = {isa = PBXBuildFile; fileRef = 1B60CFA71DAF2F8900FAB726 /* NSString+MJExtension.m */; };
		1B60CFB51DAF2F8900FAB726 /* README.md in Sources */ = {isa = PBXBuildFile; fileRef = 1B60CFA81DAF2F8900FAB726 /* README.md */; };
		1B60CFE01DAF2FA500FAB726 /* AFHTTPRequestOperation.m in Sources */ = {isa = PBXBuildFile; fileRef = 1B60CFB91DAF2FA500FAB726 /* AFHTTPRequestOperation.m */; };
		1B60CFE11DAF2FA500FAB726 /* AFHTTPRequestOperationManager.m in Sources */ = {isa = PBXBuildFile; fileRef = 1B60CFBB1DAF2FA500FAB726 /* AFHTTPRequestOperationManager.m */; };
		1B60CFE21DAF2FA500FAB726 /* AFHTTPSessionManager.m in Sources */ = {isa = PBXBuildFile; fileRef = 1B60CFBD1DAF2FA500FAB726 /* AFHTTPSessionManager.m */; };
		1B60CFE31DAF2FA500FAB726 /* AFNetworkReachabilityManager.m in Sources */ = {isa = PBXBuildFile; fileRef = 1B60CFC01DAF2FA500FAB726 /* AFNetworkReachabilityManager.m */; };
		1B60CFE41DAF2FA500FAB726 /* AFSecurityPolicy.m in Sources */ = {isa = PBXBuildFile; fileRef = 1B60CFC21DAF2FA500FAB726 /* AFSecurityPolicy.m */; };
		1B60CFE51DAF2FA500FAB726 /* AFURLConnectionOperation.m in Sources */ = {isa = PBXBuildFile; fileRef = 1B60CFC41DAF2FA500FAB726 /* AFURLConnectionOperation.m */; };
		1B60CFE61DAF2FA500FAB726 /* AFURLRequestSerialization.m in Sources */ = {isa = PBXBuildFile; fileRef = 1B60CFC61DAF2FA500FAB726 /* AFURLRequestSerialization.m */; };
		1B60CFE71DAF2FA500FAB726 /* AFURLResponseSerialization.m in Sources */ = {isa = PBXBuildFile; fileRef = 1B60CFC81DAF2FA500FAB726 /* AFURLResponseSerialization.m */; };
		1B60CFE81DAF2FA500FAB726 /* AFURLSessionManager.m in Sources */ = {isa = PBXBuildFile; fileRef = 1B60CFCA1DAF2FA500FAB726 /* AFURLSessionManager.m */; };
		1B60CFE91DAF2FA500FAB726 /* LICENSE in Resources */ = {isa = PBXBuildFile; fileRef = 1B60CFCB1DAF2FA500FAB726 /* LICENSE */; };
		1B60CFEA1DAF2FA500FAB726 /* README.md in Sources */ = {isa = PBXBuildFile; fileRef = 1B60CFCC1DAF2FA500FAB726 /* README.md */; };
		1B60CFEB1DAF2FA500FAB726 /* AFNetworkActivityIndicatorManager.m in Sources */ = {isa = PBXBuildFile; fileRef = 1B60CFCF1DAF2FA500FAB726 /* AFNetworkActivityIndicatorManager.m */; };
		1B60CFEC1DAF2FA500FAB726 /* UIActivityIndicatorView+AFNetworking.m in Sources */ = {isa = PBXBuildFile; fileRef = 1B60CFD11DAF2FA500FAB726 /* UIActivityIndicatorView+AFNetworking.m */; };
		1B60CFED1DAF2FA500FAB726 /* UIAlertView+AFNetworking.m in Sources */ = {isa = PBXBuildFile; fileRef = 1B60CFD31DAF2FA500FAB726 /* UIAlertView+AFNetworking.m */; };
		1B60CFEE1DAF2FA500FAB726 /* UIButton+AFNetworking.m in Sources */ = {isa = PBXBuildFile; fileRef = 1B60CFD51DAF2FA500FAB726 /* UIButton+AFNetworking.m */; };
		1B60CFEF1DAF2FA500FAB726 /* UIImageView+AFNetworking.m in Sources */ = {isa = PBXBuildFile; fileRef = 1B60CFD81DAF2FA500FAB726 /* UIImageView+AFNetworking.m */; };
		1B60CFF01DAF2FA500FAB726 /* UIProgressView+AFNetworking.m in Sources */ = {isa = PBXBuildFile; fileRef = 1B60CFDB1DAF2FA500FAB726 /* UIProgressView+AFNetworking.m */; };
		1B60CFF11DAF2FA500FAB726 /* UIRefreshControl+AFNetworking.m in Sources */ = {isa = PBXBuildFile; fileRef = 1B60CFDD1DAF2FA500FAB726 /* UIRefreshControl+AFNetworking.m */; };
		1B60CFF21DAF2FA500FAB726 /* UIWebView+AFNetworking.m in Sources */ = {isa = PBXBuildFile; fileRef = 1B60CFDF1DAF2FA500FAB726 /* UIWebView+AFNetworking.m */; };
		1B60CFF61DAF2FF300FAB726 /* GlobeConst.m in Sources */ = {isa = PBXBuildFile; fileRef = 1B60CFF51DAF2FF300FAB726 /* GlobeConst.m */; };
		1B60CFFC1DAF322F00FAB726 /* BPageController.m in Sources */ = {isa = PBXBuildFile; fileRef = 1B60CFFB1DAF322F00FAB726 /* BPageController.m */; };
		1B60D0001DAF325A00FAB726 /* BViewController.m in Sources */ = {isa = PBXBuildFile; fileRef = 1B60CFFF1DAF325A00FAB726 /* BViewController.m */; };
		1B60F4861DAF644C00FAB726 /* SrcHelper.m in Sources */ = {isa = PBXBuildFile; fileRef = 1B60F4851DAF644C00FAB726 /* SrcHelper.m */; };
/* End PBXBuildFile section */

/* Begin PBXContainerItemProxy section */
		1B058FFE1DAE2BD400B4DEF8 /* PBXContainerItemProxy */ = {
			isa = PBXContainerItemProxy;
			containerPortal = 1B058FDC1DAE2BD400B4DEF8 /* Project object */;
			proxyType = 1;
			remoteGlobalIDString = 1B058FE31DAE2BD400B4DEF8;
			remoteInfo = FinalEdition;
		};
		1B0590091DAE2BD500B4DEF8 /* PBXContainerItemProxy */ = {
			isa = PBXContainerItemProxy;
			containerPortal = 1B058FDC1DAE2BD400B4DEF8 /* Project object */;
			proxyType = 1;
			remoteGlobalIDString = 1B058FE31DAE2BD400B4DEF8;
			remoteInfo = FinalEdition;
		};
/* End PBXContainerItemProxy section */

/* Begin PBXFileReference section */
		1B0519AE1DAE3B8D00AA78D7 /* CAEmitter.h */ = {isa = PBXFileReference; fileEncoding = 4; lastKnownFileType = sourcecode.c.h; path = CAEmitter.h; sourceTree = "<group>"; };
		1B0519AF1DAE3B8D00AA78D7 /* CAEmitter.m */ = {isa = PBXFileReference; fileEncoding = 4; lastKnownFileType = sourcecode.c.objc; path = CAEmitter.m; sourceTree = "<group>"; };
		1B0519B11DAE3B8D00AA78D7 /* CompressImage.h */ = {isa = PBXFileReference; fileEncoding = 4; lastKnownFileType = sourcecode.c.h; path = CompressImage.h; sourceTree = "<group>"; };
		1B0519B21DAE3B8D00AA78D7 /* CompressImage.m */ = {isa = PBXFileReference; fileEncoding = 4; lastKnownFileType = sourcecode.c.objc; path = CompressImage.m; sourceTree = "<group>"; };
		1B0519B41DAE3B8D00AA78D7 /* CompressImage.h */ = {isa = PBXFileReference; fileEncoding = 4; lastKnownFileType = sourcecode.c.h; path = CompressImage.h; sourceTree = "<group>"; };
		1B0519B51DAE3B8D00AA78D7 /* CompressImage.m */ = {isa = PBXFileReference; fileEncoding = 4; lastKnownFileType = sourcecode.c.objc; path = CompressImage.m; sourceTree = "<group>"; };
		1B0519B81DAE3B8D00AA78D7 /* BCollectionView.h */ = {isa = PBXFileReference; fileEncoding = 4; lastKnownFileType = sourcecode.c.h; path = BCollectionView.h; sourceTree = "<group>"; };
		1B0519B91DAE3B8D00AA78D7 /* BCollectionView.m */ = {isa = PBXFileReference; fileEncoding = 4; lastKnownFileType = sourcecode.c.objc; path = BCollectionView.m; sourceTree = "<group>"; };
		1B0519BA1DAE3B8D00AA78D7 /* BCollectionViewCell.h */ = {isa = PBXFileReference; fileEncoding = 4; lastKnownFileType = sourcecode.c.h; path = BCollectionViewCell.h; sourceTree = "<group>"; };
		1B0519BB1DAE3B8D00AA78D7 /* BCollectionViewCell.m */ = {isa = PBXFileReference; fileEncoding = 4; lastKnownFileType = sourcecode.c.objc; path = BCollectionViewCell.m; sourceTree = "<group>"; };
		1B0519BD1DAE3B8D00AA78D7 /* BTableView.h */ = {isa = PBXFileReference; fileEncoding = 4; lastKnownFileType = sourcecode.c.h; path = BTableView.h; sourceTree = "<group>"; };
		1B0519BE1DAE3B8D00AA78D7 /* BTableView.m */ = {isa = PBXFileReference; fileEncoding = 4; lastKnownFileType = sourcecode.c.objc; path = BTableView.m; sourceTree = "<group>"; };
		1B0519BF1DAE3B8D00AA78D7 /* BTableViewCell.h */ = {isa = PBXFileReference; fileEncoding = 4; lastKnownFileType = sourcecode.c.h; path = BTableViewCell.h; sourceTree = "<group>"; };
		1B0519C01DAE3B8D00AA78D7 /* BTableViewCell.m */ = {isa = PBXFileReference; fileEncoding = 4; lastKnownFileType = sourcecode.c.objc; path = BTableViewCell.m; sourceTree = "<group>"; };
		1B0519C21DAE3B8D00AA78D7 /* Calculagraph.h */ = {isa = PBXFileReference; fileEncoding = 4; lastKnownFileType = sourcecode.c.h; path = Calculagraph.h; sourceTree = "<group>"; };
		1B0519C31DAE3B8D00AA78D7 /* Calculagraph.m */ = {isa = PBXFileReference; fileEncoding = 4; lastKnownFileType = sourcecode.c.objc; path = Calculagraph.m; sourceTree = "<group>"; };
		1B0519C41DAE3B8D00AA78D7 /* MSWeakTimer.h */ = {isa = PBXFileReference; fileEncoding = 4; lastKnownFileType = sourcecode.c.h; path = MSWeakTimer.h; sourceTree = "<group>"; };
		1B0519C51DAE3B8D00AA78D7 /* MSWeakTimer.m */ = {isa = PBXFileReference; fileEncoding = 4; lastKnownFileType = sourcecode.c.objc; path = MSWeakTimer.m; sourceTree = "<group>"; };
		1B0519C81DAE3B8D00AA78D7 /* CALayer+Addition.h */ = {isa = PBXFileReference; fileEncoding = 4; lastKnownFileType = sourcecode.c.h; path = "CALayer+Addition.h"; sourceTree = "<group>"; };
		1B0519C91DAE3B8D00AA78D7 /* CALayer+Addition.m */ = {isa = PBXFileReference; fileEncoding = 4; lastKnownFileType = sourcecode.c.objc; path = "CALayer+Addition.m"; sourceTree = "<group>"; };
		1B0519CB1DAE3B8D00AA78D7 /* UIImage+animatedGIF.h */ = {isa = PBXFileReference; fileEncoding = 4; lastKnownFileType = sourcecode.c.h; path = "UIImage+animatedGIF.h"; sourceTree = "<group>"; };
		1B0519CC1DAE3B8D00AA78D7 /* UIImage+animatedGIF.m */ = {isa = PBXFileReference; fileEncoding = 4; lastKnownFileType = sourcecode.c.objc; path = "UIImage+animatedGIF.m"; sourceTree = "<group>"; };
		1B0519CE1DAE3B8D00AA78D7 /* NSString+Emoji.h */ = {isa = PBXFileReference; fileEncoding = 4; lastKnownFileType = sourcecode.c.h; path = "NSString+Emoji.h"; sourceTree = "<group>"; };
		1B0519CF1DAE3B8D00AA78D7 /* NSString+Emoji.m */ = {isa = PBXFileReference; fileEncoding = 4; lastKnownFileType = sourcecode.c.objc; path = "NSString+Emoji.m"; sourceTree = "<group>"; };
		1B0519D11DAE3B8D00AA78D7 /* NSString+FilterString.h */ = {isa = PBXFileReference; fileEncoding = 4; lastKnownFileType = sourcecode.c.h; path = "NSString+FilterString.h"; sourceTree = "<group>"; };
		1B0519D21DAE3B8D00AA78D7 /* NSString+FilterString.m */ = {isa = PBXFileReference; fileEncoding = 4; lastKnownFileType = sourcecode.c.objc; path = "NSString+FilterString.m"; sourceTree = "<group>"; };
		1B0519D41DAE3B8D00AA78D7 /* UIImage+BlurGlass.h */ = {isa = PBXFileReference; fileEncoding = 4; lastKnownFileType = sourcecode.c.h; path = "UIImage+BlurGlass.h"; sourceTree = "<group>"; };
		1B0519D51DAE3B8D00AA78D7 /* UIImage+BlurGlass.m */ = {isa = PBXFileReference; fileEncoding = 4; lastKnownFileType = sourcecode.c.objc; path = "UIImage+BlurGlass.m"; sourceTree = "<group>"; };
		1B0519D61DAE3B8D00AA78D7 /* UIImage+ColorImage.h */ = {isa = PBXFileReference; fileEncoding = 4; lastKnownFileType = sourcecode.c.h; path = "UIImage+ColorImage.h"; sourceTree = "<group>"; };
		1B0519D71DAE3B8D00AA78D7 /* UIImage+ColorImage.m */ = {isa = PBXFileReference; fileEncoding = 4; lastKnownFileType = sourcecode.c.objc; path = "UIImage+ColorImage.m"; sourceTree = "<group>"; };
		1B0519D81DAE3B8D00AA78D7 /* JFillImage.h */ = {isa = PBXFileReference; fileEncoding = 4; lastKnownFileType = sourcecode.c.h; path = JFillImage.h; sourceTree = "<group>"; };
		1B0519D91DAE3B8D00AA78D7 /* JFillImage.m */ = {isa = PBXFileReference; fileEncoding = 4; lastKnownFileType = sourcecode.c.objc; path = JFillImage.m; sourceTree = "<group>"; };
		1B0519DA1DAE3B8D00AA78D7 /* NSDate+SSToolkitAdditions.h */ = {isa = PBXFileReference; fileEncoding = 4; lastKnownFileType = sourcecode.c.h; path = "NSDate+SSToolkitAdditions.h"; sourceTree = "<group>"; };
		1B0519DB1DAE3B8D00AA78D7 /* NSDate+SSToolkitAdditions.m */ = {isa = PBXFileReference; fileEncoding = 4; lastKnownFileType = sourcecode.c.objc; path = "NSDate+SSToolkitAdditions.m"; sourceTree = "<group>"; };
		1B0519DC1DAE3B8D00AA78D7 /* NSNumber+Arithmetic.h */ = {isa = PBXFileReference; fileEncoding = 4; lastKnownFileType = sourcecode.c.h; path = "NSNumber+Arithmetic.h"; sourceTree = "<group>"; };
		1B0519DD1DAE3B8D00AA78D7 /* NSNumber+Arithmetic.m */ = {isa = PBXFileReference; fileEncoding = 4; lastKnownFileType = sourcecode.c.objc; path = "NSNumber+Arithmetic.m"; sourceTree = "<group>"; };
		1B0519DF1DAE3B8D00AA78D7 /* UIImage+Resize.h */ = {isa = PBXFileReference; fileEncoding = 4; lastKnownFileType = sourcecode.c.h; path = "UIImage+Resize.h"; sourceTree = "<group>"; };
		1B0519E01DAE3B8D00AA78D7 /* UIImage+Resize.m */ = {isa = PBXFileReference; fileEncoding = 4; lastKnownFileType = sourcecode.c.objc; path = "UIImage+Resize.m"; sourceTree = "<group>"; };
		1B0519E11DAE3B8D00AA78D7 /* UITableView+FDIndexPathHeightCache.h */ = {isa = PBXFileReference; fileEncoding = 4; lastKnownFileType = sourcecode.c.h; path = "UITableView+FDIndexPathHeightCache.h"; sourceTree = "<group>"; };
		1B0519E21DAE3B8D00AA78D7 /* UITableView+FDIndexPathHeightCache.m */ = {isa = PBXFileReference; fileEncoding = 4; lastKnownFileType = sourcecode.c.objc; path = "UITableView+FDIndexPathHeightCache.m"; sourceTree = "<group>"; };
		1B0519E31DAE3B8D00AA78D7 /* UITableView+FDKeyedHeightCache.h */ = {isa = PBXFileReference; fileEncoding = 4; lastKnownFileType = sourcecode.c.h; path = "UITableView+FDKeyedHeightCache.h"; sourceTree = "<group>"; };
		1B0519E41DAE3B8D00AA78D7 /* UITableView+FDKeyedHeightCache.m */ = {isa = PBXFileReference; fileEncoding = 4; lastKnownFileType = sourcecode.c.objc; path = "UITableView+FDKeyedHeightCache.m"; sourceTree = "<group>"; };
		1B0519E51DAE3B8D00AA78D7 /* UITableView+FDTemplateLayoutCell.h */ = {isa = PBXFileReference; fileEncoding = 4; lastKnownFileType = sourcecode.c.h; path = "UITableView+FDTemplateLayoutCell.h"; sourceTree = "<group>"; };
		1B0519E61DAE3B8D00AA78D7 /* UITableView+FDTemplateLayoutCell.m */ = {isa = PBXFileReference; fileEncoding = 4; lastKnownFileType = sourcecode.c.objc; path = "UITableView+FDTemplateLayoutCell.m"; sourceTree = "<group>"; };
		1B0519E71DAE3B8D00AA78D7 /* UITableView+FDTemplateLayoutCellDebug.h */ = {isa = PBXFileReference; fileEncoding = 4; lastKnownFileType = sourcecode.c.h; path = "UITableView+FDTemplateLayoutCellDebug.h"; sourceTree = "<group>"; };
		1B0519E81DAE3B8D00AA78D7 /* UITableView+FDTemplateLayoutCellDebug.m */ = {isa = PBXFileReference; fileEncoding = 4; lastKnownFileType = sourcecode.c.objc; path = "UITableView+FDTemplateLayoutCellDebug.m"; sourceTree = "<group>"; };
		1B0519E91DAE3B8D00AA78D7 /* UIView+Fram.h */ = {isa = PBXFileReference; fileEncoding = 4; lastKnownFileType = sourcecode.c.h; path = "UIView+Fram.h"; sourceTree = "<group>"; };
		1B0519EA1DAE3B8D00AA78D7 /* UIView+Fram.m */ = {isa = PBXFileReference; fileEncoding = 4; lastKnownFileType = sourcecode.c.objc; path = "UIView+Fram.m"; sourceTree = "<group>"; };
		1B0519EC1DAE3B8D00AA78D7 /* JTableViewDelegate.h */ = {isa = PBXFileReference; fileEncoding = 4; lastKnownFileType = sourcecode.c.h; path = JTableViewDelegate.h; sourceTree = "<group>"; };
		1B0519ED1DAE3B8D00AA78D7 /* JTableViewDelegate.m */ = {isa = PBXFileReference; fileEncoding = 4; lastKnownFileType = sourcecode.c.objc; path = JTableViewDelegate.m; sourceTree = "<group>"; };
		1B0519EF1DAE3B8D00AA78D7 /* DBManager.h */ = {isa = PBXFileReference; fileEncoding = 4; lastKnownFileType = sourcecode.c.h; path = DBManager.h; sourceTree = "<group>"; };
		1B0519F01DAE3B8D00AA78D7 /* DBManager.m */ = {isa = PBXFileReference; fileEncoding = 4; lastKnownFileType = sourcecode.c.objc; path = DBManager.m; sourceTree = "<group>"; };
		1B0519F21DAE3B8D00AA78D7 /* JmpManager.h */ = {isa = PBXFileReference; fileEncoding = 4; lastKnownFileType = sourcecode.c.h; path = JmpManager.h; sourceTree = "<group>"; };
		1B0519F31DAE3B8D00AA78D7 /* JmpManager.m */ = {isa = PBXFileReference; fileEncoding = 4; lastKnownFileType = sourcecode.c.objc; path = JmpManager.m; sourceTree = "<group>"; };
		1B0519F51DAE3B8D00AA78D7 /* MemoryLog.h */ = {isa = PBXFileReference; fileEncoding = 4; lastKnownFileType = sourcecode.c.h; path = MemoryLog.h; sourceTree = "<group>"; };
		1B0519F61DAE3B8D00AA78D7 /* MemoryLog.m */ = {isa = PBXFileReference; fileEncoding = 4; lastKnownFileType = sourcecode.c.objc; path = MemoryLog.m; sourceTree = "<group>"; };
		1B0519F81DAE3B8D00AA78D7 /* ControllerManager.h */ = {isa = PBXFileReference; fileEncoding = 4; lastKnownFileType = sourcecode.c.h; path = ControllerManager.h; sourceTree = "<group>"; };
		1B0519F91DAE3B8D00AA78D7 /* ControllerManager.m */ = {isa = PBXFileReference; fileEncoding = 4; lastKnownFileType = sourcecode.c.objc; path = ControllerManager.m; sourceTree = "<group>"; };
		1B0519FA1DAE3B8D00AA78D7 /* DataManager.h */ = {isa = PBXFileReference; fileEncoding = 4; lastKnownFileType = sourcecode.c.h; path = DataManager.h; sourceTree = "<group>"; };
		1B0519FB1DAE3B8D00AA78D7 /* DataManager.m */ = {isa = PBXFileReference; fileEncoding = 4; lastKnownFileType = sourcecode.c.objc; path = DataManager.m; sourceTree = "<group>"; };
		1B0519FC1DAE3B8D00AA78D7 /* PageManager.h */ = {isa = PBXFileReference; fileEncoding = 4; lastKnownFileType = sourcecode.c.h; path = PageManager.h; sourceTree = "<group>"; };
		1B0519FD1DAE3B8D00AA78D7 /* PageManager.m */ = {isa = PBXFileReference; fileEncoding = 4; lastKnownFileType = sourcecode.c.objc; path = PageManager.m; sourceTree = "<group>"; };
		1B0519FE1DAE3B8D00AA78D7 /* Post.h */ = {isa = PBXFileReference; fileEncoding = 4; lastKnownFileType = sourcecode.c.h; path = Post.h; sourceTree = "<group>"; };
		1B0519FF1DAE3B8D00AA78D7 /* Post.m */ = {isa = PBXFileReference; fileEncoding = 4; lastKnownFileType = sourcecode.c.objc; path = Post.m; sourceTree = "<group>"; };
		1B051A001DAE3B8D00AA78D7 /* PostModel.h */ = {isa = PBXFileReference; fileEncoding = 4; lastKnownFileType = sourcecode.c.h; path = PostModel.h; sourceTree = "<group>"; };
		1B051A011DAE3B8D00AA78D7 /* PostModel.m */ = {isa = PBXFileReference; fileEncoding = 4; lastKnownFileType = sourcecode.c.objc; path = PostModel.m; sourceTree = "<group>"; };
		1B051A031DAE3B8D00AA78D7 /* PhotoGroupInfo.h */ = {isa = PBXFileReference; fileEncoding = 4; lastKnownFileType = sourcecode.c.h; path = PhotoGroupInfo.h; sourceTree = "<group>"; };
		1B051A041DAE3B8D00AA78D7 /* PhotoGroupInfo.m */ = {isa = PBXFileReference; fileEncoding = 4; lastKnownFileType = sourcecode.c.objc; path = PhotoGroupInfo.m; sourceTree = "<group>"; };
		1B051A051DAE3B8D00AA78D7 /* PhotoGroupPicker.h */ = {isa = PBXFileReference; fileEncoding = 4; lastKnownFileType = sourcecode.c.h; path = PhotoGroupPicker.h; sourceTree = "<group>"; };
		1B051A061DAE3B8D00AA78D7 /* PhotoGroupPicker.m */ = {isa = PBXFileReference; fileEncoding = 4; lastKnownFileType = sourcecode.c.objc; path = PhotoGroupPicker.m; sourceTree = "<group>"; };
		1B051A081DAE3B8D00AA78D7 /* StringCheack.h */ = {isa = PBXFileReference; fileEncoding = 4; lastKnownFileType = sourcecode.c.h; path = StringCheack.h; sourceTree = "<group>"; };
		1B051A0A1DAE3B8D00AA78D7 /* ItemView.h */ = {isa = PBXFileReference; fileEncoding = 4; lastKnownFileType = sourcecode.c.h; path = ItemView.h; sourceTree = "<group>"; };
		1B051A0B1DAE3B8D00AA78D7 /* ItemView.m */ = {isa = PBXFileReference; fileEncoding = 4; lastKnownFileType = sourcecode.c.objc; path = ItemView.m; sourceTree = "<group>"; };
		1B051A0C1DAE3B8D00AA78D7 /* ToolBarView.h */ = {isa = PBXFileReference; fileEncoding = 4; lastKnownFileType = sourcecode.c.h; path = ToolBarView.h; sourceTree = "<group>"; };
		1B051A0D1DAE3B8D00AA78D7 /* ToolBarView.m */ = {isa = PBXFileReference; fileEncoding = 4; lastKnownFileType = sourcecode.c.objc; path = ToolBarView.m; sourceTree = "<group>"; };
		1B051A0E1DAE3B8D00AA78D7 /* ToolNavView.h */ = {isa = PBXFileReference; fileEncoding = 4; lastKnownFileType = sourcecode.c.h; path = ToolNavView.h; sourceTree = "<group>"; };
		1B051A0F1DAE3B8D00AA78D7 /* ToolNavView.m */ = {isa = PBXFileReference; fileEncoding = 4; lastKnownFileType = sourcecode.c.objc; path = ToolNavView.m; sourceTree = "<group>"; };
		1B051A101DAE3B8D00AA78D7 /* ToolView.h */ = {isa = PBXFileReference; fileEncoding = 4; lastKnownFileType = sourcecode.c.h; path = ToolView.h; sourceTree = "<group>"; };
		1B051A111DAE3B8D00AA78D7 /* ToolView.m */ = {isa = PBXFileReference; fileEncoding = 4; lastKnownFileType = sourcecode.c.objc; path = ToolView.m; sourceTree = "<group>"; };
		1B051A131DAE3B8D00AA78D7 /* ShareObj.h */ = {isa = PBXFileReference; fileEncoding = 4; lastKnownFileType = sourcecode.c.h; path = ShareObj.h; sourceTree = "<group>"; };
		1B051A141DAE3B8D00AA78D7 /* UsrEntity.h */ = {isa = PBXFileReference; fileEncoding = 4; lastKnownFileType = sourcecode.c.h; path = UsrEntity.h; sourceTree = "<group>"; };
		1B051A151DAE3B8D00AA78D7 /* UsrEntity.m */ = {isa = PBXFileReference; fileEncoding = 4; lastKnownFileType = sourcecode.c.objc; path = UsrEntity.m; sourceTree = "<group>"; };
		1B051A161DAE3B8D00AA78D7 /* UsrManager.h */ = {isa = PBXFileReference; fileEncoding = 4; lastKnownFileType = sourcecode.c.h; path = UsrManager.h; sourceTree = "<group>"; };
		1B051A171DAE3B8D00AA78D7 /* UsrManager.m */ = {isa = PBXFileReference; fileEncoding = 4; lastKnownFileType = sourcecode.c.objc; path = UsrManager.m; sourceTree = "<group>"; };
		1B051A1A1DAE3B8D00AA78D7 /* 1.jpg */ = {isa = PBXFileReference; lastKnownFileType = image.jpeg; path = 1.jpg; sourceTree = "<group>"; };
		1B051A1B1DAE3B8D00AA78D7 /* BFilletImageView.h */ = {isa = PBXFileReference; fileEncoding = 4; lastKnownFileType = sourcecode.c.h; path = BFilletImageView.h; sourceTree = "<group>"; };
		1B051A1C1DAE3B8D00AA78D7 /* BFilletImageView.m */ = {isa = PBXFileReference; fileEncoding = 4; lastKnownFileType = sourcecode.c.objc; path = BFilletImageView.m; sourceTree = "<group>"; };
		1B051A1D1DAE3B8D00AA78D7 /* FlagImageView.h */ = {isa = PBXFileReference; fileEncoding = 4; lastKnownFileType = sourcecode.c.h; path = FlagImageView.h; sourceTree = "<group>"; };
		1B051A1E1DAE3B8D00AA78D7 /* FlagImageView.m */ = {isa = PBXFileReference; fileEncoding = 4; lastKnownFileType = sourcecode.c.objc; path = FlagImageView.m; sourceTree = "<group>"; };
		1B051A1F1DAE3B8D00AA78D7 /* TouchPhotoView.h */ = {isa = PBXFileReference; fileEncoding = 4; lastKnownFileType = sourcecode.c.h; path = TouchPhotoView.h; sourceTree = "<group>"; };
		1B051A201DAE3B8D00AA78D7 /* TouchPhotoView.m */ = {isa = PBXFileReference; fileEncoding = 4; lastKnownFileType = sourcecode.c.objc; path = TouchPhotoView.m; sourceTree = "<group>"; };
		1B051A221DAE3B8D00AA78D7 /* Bubble.h */ = {isa = PBXFileReference; fileEncoding = 4; lastKnownFileType = sourcecode.c.h; path = Bubble.h; sourceTree = "<group>"; };
		1B051A231DAE3B8D00AA78D7 /* Bubble.m */ = {isa = PBXFileReference; fileEncoding = 4; lastKnownFileType = sourcecode.c.objc; path = Bubble.m; sourceTree = "<group>"; };
		1B051A531DAE3BFE00AA78D7 /* XCHudHelper.h */ = {isa = PBXFileReference; fileEncoding = 4; lastKnownFileType = sourcecode.c.h; path = XCHudHelper.h; sourceTree = "<group>"; };
		1B051A541DAE3BFE00AA78D7 /* XCHudHelper.m */ = {isa = PBXFileReference; fileEncoding = 4; lastKnownFileType = sourcecode.c.objc; path = XCHudHelper.m; sourceTree = "<group>"; };
		1B058FE41DAE2BD400B4DEF8 /* FinalEdition.app */ = {isa = PBXFileReference; explicitFileType = wrapper.application; includeInIndex = 0; path = FinalEdition.app; sourceTree = BUILT_PRODUCTS_DIR; };
		1B058FE81DAE2BD400B4DEF8 /* main.m */ = {isa = PBXFileReference; lastKnownFileType = sourcecode.c.objc; path = main.m; sourceTree = "<group>"; };
		1B058FEA1DAE2BD400B4DEF8 /* AppDelegate.h */ = {isa = PBXFileReference; lastKnownFileType = sourcecode.c.h; path = AppDelegate.h; sourceTree = "<group>"; };
		1B058FEB1DAE2BD400B4DEF8 /* AppDelegate.m */ = {isa = PBXFileReference; lastKnownFileType = sourcecode.c.objc; path = AppDelegate.m; sourceTree = "<group>"; };
		1B058FED1DAE2BD400B4DEF8 /* ViewController.h */ = {isa = PBXFileReference; lastKnownFileType = sourcecode.c.h; path = ViewController.h; sourceTree = "<group>"; };
		1B058FEE1DAE2BD400B4DEF8 /* ViewController.m */ = {isa = PBXFileReference; lastKnownFileType = sourcecode.c.objc; path = ViewController.m; sourceTree = "<group>"; };
		1B058FF11DAE2BD400B4DEF8 /* Base */ = {isa = PBXFileReference; lastKnownFileType = file.storyboard; name = Base; path = Base.lproj/Main.storyboard; sourceTree = "<group>"; };
		1B058FF31DAE2BD400B4DEF8 /* Assets.xcassets */ = {isa = PBXFileReference; lastKnownFileType = folder.assetcatalog; path = Assets.xcassets; sourceTree = "<group>"; };
		1B058FF61DAE2BD400B4DEF8 /* Base */ = {isa = PBXFileReference; lastKnownFileType = file.storyboard; name = Base; path = Base.lproj/LaunchScreen.storyboard; sourceTree = "<group>"; };
		1B058FF81DAE2BD400B4DEF8 /* Info.plist */ = {isa = PBXFileReference; lastKnownFileType = text.plist.xml; path = Info.plist; sourceTree = "<group>"; };
		1B058FFD1DAE2BD400B4DEF8 /* FinalEditionTests.xctest */ = {isa = PBXFileReference; explicitFileType = wrapper.cfbundle; includeInIndex = 0; path = FinalEditionTests.xctest; sourceTree = BUILT_PRODUCTS_DIR; };
		1B0590011DAE2BD400B4DEF8 /* FinalEditionTests.m */ = {isa = PBXFileReference; lastKnownFileType = sourcecode.c.objc; path = FinalEditionTests.m; sourceTree = "<group>"; };
		1B0590031DAE2BD500B4DEF8 /* Info.plist */ = {isa = PBXFileReference; lastKnownFileType = text.plist.xml; path = Info.plist; sourceTree = "<group>"; };
		1B0590081DAE2BD500B4DEF8 /* FinalEditionUITests.xctest */ = {isa = PBXFileReference; explicitFileType = wrapper.cfbundle; includeInIndex = 0; path = FinalEditionUITests.xctest; sourceTree = BUILT_PRODUCTS_DIR; };
		1B05900C1DAE2BD500B4DEF8 /* FinalEditionUITests.m */ = {isa = PBXFileReference; lastKnownFileType = sourcecode.c.objc; path = FinalEditionUITests.m; sourceTree = "<group>"; };
		1B05900E1DAE2BD500B4DEF8 /* Info.plist */ = {isa = PBXFileReference; lastKnownFileType = text.plist.xml; path = Info.plist; sourceTree = "<group>"; };
		1B60CF881DAF2F5200FAB726 /* Post.h */ = {isa = PBXFileReference; fileEncoding = 4; lastKnownFileType = sourcecode.c.h; path = Post.h; sourceTree = "<group>"; };
		1B60CF891DAF2F5200FAB726 /* Post.m */ = {isa = PBXFileReference; fileEncoding = 4; lastKnownFileType = sourcecode.c.objc; path = Post.m; sourceTree = "<group>"; };
		1B60CF8A1DAF2F5200FAB726 /* PostModel.h */ = {isa = PBXFileReference; fileEncoding = 4; lastKnownFileType = sourcecode.c.h; path = PostModel.h; sourceTree = "<group>"; };
		1B60CF8B1DAF2F5200FAB726 /* PostModel.m */ = {isa = PBXFileReference; fileEncoding = 4; lastKnownFileType = sourcecode.c.objc; path = PostModel.m; sourceTree = "<group>"; };
		1B60CF8F1DAF2F8900FAB726 /* LICENSE */ = {isa = PBXFileReference; fileEncoding = 4; lastKnownFileType = text; path = LICENSE; sourceTree = "<group>"; };
		1B60CF911DAF2F8900FAB726 /* MJDictionaryCache.h */ = {isa = PBXFileReference; fileEncoding = 4; lastKnownFileType = sourcecode.c.h; path = MJDictionaryCache.h; sourceTree = "<group>"; };
		1B60CF921DAF2F8900FAB726 /* MJDictionaryCache.m */ = {isa = PBXFileReference; fileEncoding = 4; lastKnownFileType = sourcecode.c.objc; path = MJDictionaryCache.m; sourceTree = "<group>"; };
		1B60CF931DAF2F8900FAB726 /* MJExtension.h */ = {isa = PBXFileReference; fileEncoding = 4; lastKnownFileType = sourcecode.c.h; path = MJExtension.h; sourceTree = "<group>"; };
		1B60CF941DAF2F8900FAB726 /* MJExtensionConst.h */ = {isa = PBXFileReference; fileEncoding = 4; lastKnownFileType = sourcecode.c.h; path = MJExtensionConst.h; sourceTree = "<group>"; };
		1B60CF951DAF2F8900FAB726 /* MJExtensionConst.m */ = {isa = PBXFileReference; fileEncoding = 4; lastKnownFileType = sourcecode.c.objc; path = MJExtensionConst.m; sourceTree = "<group>"; };
		1B60CF961DAF2F8900FAB726 /* MJFoundation.h */ = {isa = PBXFileReference; fileEncoding = 4; lastKnownFileType = sourcecode.c.h; path = MJFoundation.h; sourceTree = "<group>"; };
		1B60CF971DAF2F8900FAB726 /* MJFoundation.m */ = {isa = PBXFileReference; fileEncoding = 4; lastKnownFileType = sourcecode.c.objc; path = MJFoundation.m; sourceTree = "<group>"; };
		1B60CF981DAF2F8900FAB726 /* MJProperty.h */ = {isa = PBXFileReference; fileEncoding = 4; lastKnownFileType = sourcecode.c.h; path = MJProperty.h; sourceTree = "<group>"; };
		1B60CF991DAF2F8900FAB726 /* MJProperty.m */ = {isa = PBXFileReference; fileEncoding = 4; lastKnownFileType = sourcecode.c.objc; path = MJProperty.m; sourceTree = "<group>"; };
		1B60CF9A1DAF2F8900FAB726 /* MJPropertyKey.h */ = {isa = PBXFileReference; fileEncoding = 4; lastKnownFileType = sourcecode.c.h; path = MJPropertyKey.h; sourceTree = "<group>"; };
		1B60CF9B1DAF2F8900FAB726 /* MJPropertyKey.m */ = {isa = PBXFileReference; fileEncoding = 4; lastKnownFileType = sourcecode.c.objc; path = MJPropertyKey.m; sourceTree = "<group>"; };
		1B60CF9C1DAF2F8900FAB726 /* MJPropertyType.h */ = {isa = PBXFileReference; fileEncoding = 4; lastKnownFileType = sourcecode.c.h; path = MJPropertyType.h; sourceTree = "<group>"; };
		1B60CF9D1DAF2F8900FAB726 /* MJPropertyType.m */ = {isa = PBXFileReference; fileEncoding = 4; lastKnownFileType = sourcecode.c.objc; path = MJPropertyType.m; sourceTree = "<group>"; };
		1B60CF9E1DAF2F8900FAB726 /* NSObject+MJClass.h */ = {isa = PBXFileReference; fileEncoding = 4; lastKnownFileType = sourcecode.c.h; path = "NSObject+MJClass.h"; sourceTree = "<group>"; };
		1B60CF9F1DAF2F8900FAB726 /* NSObject+MJClass.m */ = {isa = PBXFileReference; fileEncoding = 4; lastKnownFileType = sourcecode.c.objc; path = "NSObject+MJClass.m"; sourceTree = "<group>"; };
		1B60CFA01DAF2F8900FAB726 /* NSObject+MJCoding.h */ = {isa = PBXFileReference; fileEncoding = 4; lastKnownFileType = sourcecode.c.h; path = "NSObject+MJCoding.h"; sourceTree = "<group>"; };
		1B60CFA11DAF2F8900FAB726 /* NSObject+MJCoding.m */ = {isa = PBXFileReference; fileEncoding = 4; lastKnownFileType = sourcecode.c.objc; path = "NSObject+MJCoding.m"; sourceTree = "<group>"; };
		1B60CFA21DAF2F8900FAB726 /* NSObject+MJKeyValue.h */ = {isa = PBXFileReference; fileEncoding = 4; lastKnownFileType = sourcecode.c.h; path = "NSObject+MJKeyValue.h"; sourceTree = "<group>"; };
		1B60CFA31DAF2F8900FAB726 /* NSObject+MJKeyValue.m */ = {isa = PBXFileReference; fileEncoding = 4; lastKnownFileType = sourcecode.c.objc; path = "NSObject+MJKeyValue.m"; sourceTree = "<group>"; };
		1B60CFA41DAF2F8900FAB726 /* NSObject+MJProperty.h */ = {isa = PBXFileReference; fileEncoding = 4; lastKnownFileType = sourcecode.c.h; path = "NSObject+MJProperty.h"; sourceTree = "<group>"; };
		1B60CFA51DAF2F8900FAB726 /* NSObject+MJProperty.m */ = {isa = PBXFileReference; fileEncoding = 4; lastKnownFileType = sourcecode.c.objc; path = "NSObject+MJProperty.m"; sourceTree = "<group>"; };
		1B60CFA61DAF2F8900FAB726 /* NSString+MJExtension.h */ = {isa = PBXFileReference; fileEncoding = 4; lastKnownFileType = sourcecode.c.h; path = "NSString+MJExtension.h"; sourceTree = "<group>"; };
		1B60CFA71DAF2F8900FAB726 /* NSString+MJExtension.m */ = {isa = PBXFileReference; fileEncoding = 4; lastKnownFileType = sourcecode.c.objc; path = "NSString+MJExtension.m"; sourceTree = "<group>"; };
		1B60CFA81DAF2F8900FAB726 /* README.md */ = {isa = PBXFileReference; fileEncoding = 4; lastKnownFileType = net.daringfireball.markdown; path = README.md; sourceTree = "<group>"; };
		1B60CFB81DAF2FA500FAB726 /* AFHTTPRequestOperation.h */ = {isa = PBXFileReference; fileEncoding = 4; lastKnownFileType = sourcecode.c.h; path = AFHTTPRequestOperation.h; sourceTree = "<group>"; };
		1B60CFB91DAF2FA500FAB726 /* AFHTTPRequestOperation.m */ = {isa = PBXFileReference; fileEncoding = 4; lastKnownFileType = sourcecode.c.objc; path = AFHTTPRequestOperation.m; sourceTree = "<group>"; };
		1B60CFBA1DAF2FA500FAB726 /* AFHTTPRequestOperationManager.h */ = {isa = PBXFileReference; fileEncoding = 4; lastKnownFileType = sourcecode.c.h; path = AFHTTPRequestOperationManager.h; sourceTree = "<group>"; };
		1B60CFBB1DAF2FA500FAB726 /* AFHTTPRequestOperationManager.m */ = {isa = PBXFileReference; fileEncoding = 4; lastKnownFileType = sourcecode.c.objc; path = AFHTTPRequestOperationManager.m; sourceTree = "<group>"; };
		1B60CFBC1DAF2FA500FAB726 /* AFHTTPSessionManager.h */ = {isa = PBXFileReference; fileEncoding = 4; lastKnownFileType = sourcecode.c.h; path = AFHTTPSessionManager.h; sourceTree = "<group>"; };
		1B60CFBD1DAF2FA500FAB726 /* AFHTTPSessionManager.m */ = {isa = PBXFileReference; fileEncoding = 4; lastKnownFileType = sourcecode.c.objc; path = AFHTTPSessionManager.m; sourceTree = "<group>"; };
		1B60CFBE1DAF2FA500FAB726 /* AFNetworking.h */ = {isa = PBXFileReference; fileEncoding = 4; lastKnownFileType = sourcecode.c.h; path = AFNetworking.h; sourceTree = "<group>"; };
		1B60CFBF1DAF2FA500FAB726 /* AFNetworkReachabilityManager.h */ = {isa = PBXFileReference; fileEncoding = 4; lastKnownFileType = sourcecode.c.h; path = AFNetworkReachabilityManager.h; sourceTree = "<group>"; };
		1B60CFC01DAF2FA500FAB726 /* AFNetworkReachabilityManager.m */ = {isa = PBXFileReference; fileEncoding = 4; lastKnownFileType = sourcecode.c.objc; path = AFNetworkReachabilityManager.m; sourceTree = "<group>"; };
		1B60CFC11DAF2FA500FAB726 /* AFSecurityPolicy.h */ = {isa = PBXFileReference; fileEncoding = 4; lastKnownFileType = sourcecode.c.h; path = AFSecurityPolicy.h; sourceTree = "<group>"; };
		1B60CFC21DAF2FA500FAB726 /* AFSecurityPolicy.m */ = {isa = PBXFileReference; fileEncoding = 4; lastKnownFileType = sourcecode.c.objc; path = AFSecurityPolicy.m; sourceTree = "<group>"; };
		1B60CFC31DAF2FA500FAB726 /* AFURLConnectionOperation.h */ = {isa = PBXFileReference; fileEncoding = 4; lastKnownFileType = sourcecode.c.h; path = AFURLConnectionOperation.h; sourceTree = "<group>"; };
		1B60CFC41DAF2FA500FAB726 /* AFURLConnectionOperation.m */ = {isa = PBXFileReference; fileEncoding = 4; lastKnownFileType = sourcecode.c.objc; path = AFURLConnectionOperation.m; sourceTree = "<group>"; };
		1B60CFC51DAF2FA500FAB726 /* AFURLRequestSerialization.h */ = {isa = PBXFileReference; fileEncoding = 4; lastKnownFileType = sourcecode.c.h; path = AFURLRequestSerialization.h; sourceTree = "<group>"; };
		1B60CFC61DAF2FA500FAB726 /* AFURLRequestSerialization.m */ = {isa = PBXFileReference; fileEncoding = 4; lastKnownFileType = sourcecode.c.objc; path = AFURLRequestSerialization.m; sourceTree = "<group>"; };
		1B60CFC71DAF2FA500FAB726 /* AFURLResponseSerialization.h */ = {isa = PBXFileReference; fileEncoding = 4; lastKnownFileType = sourcecode.c.h; path = AFURLResponseSerialization.h; sourceTree = "<group>"; };
		1B60CFC81DAF2FA500FAB726 /* AFURLResponseSerialization.m */ = {isa = PBXFileReference; fileEncoding = 4; lastKnownFileType = sourcecode.c.objc; path = AFURLResponseSerialization.m; sourceTree = "<group>"; };
		1B60CFC91DAF2FA500FAB726 /* AFURLSessionManager.h */ = {isa = PBXFileReference; fileEncoding = 4; lastKnownFileType = sourcecode.c.h; path = AFURLSessionManager.h; sourceTree = "<group>"; };
		1B60CFCA1DAF2FA500FAB726 /* AFURLSessionManager.m */ = {isa = PBXFileReference; fileEncoding = 4; lastKnownFileType = sourcecode.c.objc; path = AFURLSessionManager.m; sourceTree = "<group>"; };
		1B60CFCB1DAF2FA500FAB726 /* LICENSE */ = {isa = PBXFileReference; fileEncoding = 4; lastKnownFileType = text; path = LICENSE; sourceTree = "<group>"; };
		1B60CFCC1DAF2FA500FAB726 /* README.md */ = {isa = PBXFileReference; fileEncoding = 4; lastKnownFileType = net.daringfireball.markdown; path = README.md; sourceTree = "<group>"; };
		1B60CFCE1DAF2FA500FAB726 /* AFNetworkActivityIndicatorManager.h */ = {isa = PBXFileReference; fileEncoding = 4; lastKnownFileType = sourcecode.c.h; path = AFNetworkActivityIndicatorManager.h; sourceTree = "<group>"; };
		1B60CFCF1DAF2FA500FAB726 /* AFNetworkActivityIndicatorManager.m */ = {isa = PBXFileReference; fileEncoding = 4; lastKnownFileType = sourcecode.c.objc; path = AFNetworkActivityIndicatorManager.m; sourceTree = "<group>"; };
		1B60CFD01DAF2FA500FAB726 /* UIActivityIndicatorView+AFNetworking.h */ = {isa = PBXFileReference; fileEncoding = 4; lastKnownFileType = sourcecode.c.h; path = "UIActivityIndicatorView+AFNetworking.h"; sourceTree = "<group>"; };
		1B60CFD11DAF2FA500FAB726 /* UIActivityIndicatorView+AFNetworking.m */ = {isa = PBXFileReference; fileEncoding = 4; lastKnownFileType = sourcecode.c.objc; path = "UIActivityIndicatorView+AFNetworking.m"; sourceTree = "<group>"; };
		1B60CFD21DAF2FA500FAB726 /* UIAlertView+AFNetworking.h */ = {isa = PBXFileReference; fileEncoding = 4; lastKnownFileType = sourcecode.c.h; path = "UIAlertView+AFNetworking.h"; sourceTree = "<group>"; };
		1B60CFD31DAF2FA500FAB726 /* UIAlertView+AFNetworking.m */ = {isa = PBXFileReference; fileEncoding = 4; lastKnownFileType = sourcecode.c.objc; path = "UIAlertView+AFNetworking.m"; sourceTree = "<group>"; };
		1B60CFD41DAF2FA500FAB726 /* UIButton+AFNetworking.h */ = {isa = PBXFileReference; fileEncoding = 4; lastKnownFileType = sourcecode.c.h; path = "UIButton+AFNetworking.h"; sourceTree = "<group>"; };
		1B60CFD51DAF2FA500FAB726 /* UIButton+AFNetworking.m */ = {isa = PBXFileReference; fileEncoding = 4; lastKnownFileType = sourcecode.c.objc; path = "UIButton+AFNetworking.m"; sourceTree = "<group>"; };
		1B60CFD61DAF2FA500FAB726 /* UIImage+AFNetworking.h */ = {isa = PBXFileReference; fileEncoding = 4; lastKnownFileType = sourcecode.c.h; path = "UIImage+AFNetworking.h"; sourceTree = "<group>"; };
		1B60CFD71DAF2FA500FAB726 /* UIImageView+AFNetworking.h */ = {isa = PBXFileReference; fileEncoding = 4; lastKnownFileType = sourcecode.c.h; path = "UIImageView+AFNetworking.h"; sourceTree = "<group>"; };
		1B60CFD81DAF2FA500FAB726 /* UIImageView+AFNetworking.m */ = {isa = PBXFileReference; fileEncoding = 4; lastKnownFileType = sourcecode.c.objc; path = "UIImageView+AFNetworking.m"; sourceTree = "<group>"; };
		1B60CFD91DAF2FA500FAB726 /* UIKit+AFNetworking.h */ = {isa = PBXFileReference; fileEncoding = 4; lastKnownFileType = sourcecode.c.h; path = "UIKit+AFNetworking.h"; sourceTree = "<group>"; };
		1B60CFDA1DAF2FA500FAB726 /* UIProgressView+AFNetworking.h */ = {isa = PBXFileReference; fileEncoding = 4; lastKnownFileType = sourcecode.c.h; path = "UIProgressView+AFNetworking.h"; sourceTree = "<group>"; };
		1B60CFDB1DAF2FA500FAB726 /* UIProgressView+AFNetworking.m */ = {isa = PBXFileReference; fileEncoding = 4; lastKnownFileType = sourcecode.c.objc; path = "UIProgressView+AFNetworking.m"; sourceTree = "<group>"; };
		1B60CFDC1DAF2FA500FAB726 /* UIRefreshControl+AFNetworking.h */ = {isa = PBXFileReference; fileEncoding = 4; lastKnownFileType = sourcecode.c.h; path = "UIRefreshControl+AFNetworking.h"; sourceTree = "<group>"; };
		1B60CFDD1DAF2FA500FAB726 /* UIRefreshControl+AFNetworking.m */ = {isa = PBXFileReference; fileEncoding = 4; lastKnownFileType = sourcecode.c.objc; path = "UIRefreshControl+AFNetworking.m"; sourceTree = "<group>"; };
		1B60CFDE1DAF2FA500FAB726 /* UIWebView+AFNetworking.h */ = {isa = PBXFileReference; fileEncoding = 4; lastKnownFileType = sourcecode.c.h; path = "UIWebView+AFNetworking.h"; sourceTree = "<group>"; };
		1B60CFDF1DAF2FA500FAB726 /* UIWebView+AFNetworking.m */ = {isa = PBXFileReference; fileEncoding = 4; lastKnownFileType = sourcecode.c.objc; path = "UIWebView+AFNetworking.m"; sourceTree = "<group>"; };
		1B60CFF41DAF2FF300FAB726 /* GlobeConst.h */ = {isa = PBXFileReference; fileEncoding = 4; lastKnownFileType = sourcecode.c.h; path = GlobeConst.h; sourceTree = "<group>"; };
		1B60CFF51DAF2FF300FAB726 /* GlobeConst.m */ = {isa = PBXFileReference; fileEncoding = 4; lastKnownFileType = sourcecode.c.objc; path = GlobeConst.m; sourceTree = "<group>"; };
		1B60CFF71DAF303100FAB726 /* Comm.h */ = {isa = PBXFileReference; lastKnownFileType = sourcecode.c.h; path = Comm.h; sourceTree = "<group>"; };
		1B60CFF81DAF307B00FAB726 /* PrefixHeader.pch */ = {isa = PBXFileReference; lastKnownFileType = sourcecode.c.h; path = PrefixHeader.pch; sourceTree = "<group>"; };
		1B60CFFA1DAF322F00FAB726 /* BPageController.h */ = {isa = PBXFileReference; fileEncoding = 4; lastKnownFileType = sourcecode.c.h; path = BPageController.h; sourceTree = "<group>"; };
		1B60CFFB1DAF322F00FAB726 /* BPageController.m */ = {isa = PBXFileReference; fileEncoding = 4; lastKnownFileType = sourcecode.c.objc; path = BPageController.m; sourceTree = "<group>"; };
		1B60CFFE1DAF325A00FAB726 /* BViewController.h */ = {isa = PBXFileReference; fileEncoding = 4; lastKnownFileType = sourcecode.c.h; path = BViewController.h; sourceTree = "<group>"; };
		1B60CFFF1DAF325A00FAB726 /* BViewController.m */ = {isa = PBXFileReference; fileEncoding = 4; lastKnownFileType = sourcecode.c.objc; path = BViewController.m; sourceTree = "<group>"; };
		1B60F4841DAF644C00FAB726 /* SrcHelper.h */ = {isa = PBXFileReference; fileEncoding = 4; lastKnownFileType = sourcecode.c.h; path = SrcHelper.h; sourceTree = "<group>"; };
		1B60F4851DAF644C00FAB726 /* SrcHelper.m */ = {isa = PBXFileReference; fileEncoding = 4; lastKnownFileType = sourcecode.c.objc; path = SrcHelper.m; sourceTree = "<group>"; };
/* End PBXFileReference section */

/* Begin PBXFrameworksBuildPhase section */
		1B058FE11DAE2BD400B4DEF8 /* Frameworks */ = {
			isa = PBXFrameworksBuildPhase;
			buildActionMask = 2147483647;
			files = (
			);
			runOnlyForDeploymentPostprocessing = 0;
		};
		1B058FFA1DAE2BD400B4DEF8 /* Frameworks */ = {
			isa = PBXFrameworksBuildPhase;
			buildActionMask = 2147483647;
			files = (
			);
			runOnlyForDeploymentPostprocessing = 0;
		};
		1B0590051DAE2BD500B4DEF8 /* Frameworks */ = {
			isa = PBXFrameworksBuildPhase;
			buildActionMask = 2147483647;
			files = (
			);
			runOnlyForDeploymentPostprocessing = 0;
		};
/* End PBXFrameworksBuildPhase section */

/* Begin PBXGroup section */
		1B0519AC1DAE3B8D00AA78D7 /* Pro */ = {
			isa = PBXGroup;
			children = (
				1B60CFFD1DAF324C00FAB726 /* BaseViewController */,
				1B60CFF91DAF322F00FAB726 /* BPageManager */,
				1B60CFF31DAF2FF300FAB726 /* Rc */,
				1B60CFB61DAF2FA500FAB726 /* AFNetworking */,
				1B60CF8E1DAF2F8900FAB726 /* MJExtension */,
				1B60CF871DAF2F5200FAB726 /* Post */,
				1B051A521DAE3BFE00AA78D7 /* XCHudHelper */,
				1B0519AD1DAE3B8D00AA78D7 /* Animation */,
				1B0519B01DAE3B8D00AA78D7 /* AssetCompress */,
				1B0519B31DAE3B8D00AA78D7 /* AssetImage */,
				1B0519B61DAE3B8D00AA78D7 /* Base */,
				1B0519C11DAE3B8D00AA78D7 /* Calculagraph */,
				1B0519C61DAE3B8D00AA78D7 /* Category */,
				1B0519EB1DAE3B8D00AA78D7 /* Delegate */,
				1B0519EE1DAE3B8D00AA78D7 /* FMDB */,
				1B0519F11DAE3B8D00AA78D7 /* JmpVC */,
				1B0519F41DAE3B8D00AA78D7 /* MemoryLog */,
				1B0519F71DAE3B8D00AA78D7 /* PageManager */,
				1B051A021DAE3B8D00AA78D7 /* PhotoPicker */,
				1B051A071DAE3B8D00AA78D7 /* String */,
				1B051A091DAE3B8D00AA78D7 /* ToolView */,
				1B051A121DAE3B8D00AA78D7 /* UserManager */,
				1B051A181DAE3B8D00AA78D7 /* UserPhoto */,
				1B051A211DAE3B8D00AA78D7 /* 气泡 */,
				1B60CFF71DAF303100FAB726 /* Comm.h */,
				1B60CFF81DAF307B00FAB726 /* PrefixHeader.pch */,
			);
			path = Pro;
			sourceTree = "<group>";
		};
		1B0519AD1DAE3B8D00AA78D7 /* Animation */ = {
			isa = PBXGroup;
			children = (
				1B0519AE1DAE3B8D00AA78D7 /* CAEmitter.h */,
				1B0519AF1DAE3B8D00AA78D7 /* CAEmitter.m */,
			);
			path = Animation;
			sourceTree = "<group>";
		};
		1B0519B01DAE3B8D00AA78D7 /* AssetCompress */ = {
			isa = PBXGroup;
			children = (
				1B0519B11DAE3B8D00AA78D7 /* CompressImage.h */,
				1B0519B21DAE3B8D00AA78D7 /* CompressImage.m */,
			);
			path = AssetCompress;
			sourceTree = "<group>";
		};
		1B0519B31DAE3B8D00AA78D7 /* AssetImage */ = {
			isa = PBXGroup;
			children = (
				1B0519B41DAE3B8D00AA78D7 /* CompressImage.h */,
				1B0519B51DAE3B8D00AA78D7 /* CompressImage.m */,
			);
			path = AssetImage;
			sourceTree = "<group>";
		};
		1B0519B61DAE3B8D00AA78D7 /* Base */ = {
			isa = PBXGroup;
			children = (
				1B0519B71DAE3B8D00AA78D7 /* BaseCollectionView */,
				1B0519BC1DAE3B8D00AA78D7 /* BaseTableView */,
			);
			path = Base;
			sourceTree = "<group>";
		};
		1B0519B71DAE3B8D00AA78D7 /* BaseCollectionView */ = {
			isa = PBXGroup;
			children = (
				1B0519B81DAE3B8D00AA78D7 /* BCollectionView.h */,
				1B0519B91DAE3B8D00AA78D7 /* BCollectionView.m */,
				1B0519BA1DAE3B8D00AA78D7 /* BCollectionViewCell.h */,
				1B0519BB1DAE3B8D00AA78D7 /* BCollectionViewCell.m */,
			);
			path = BaseCollectionView;
			sourceTree = "<group>";
		};
		1B0519BC1DAE3B8D00AA78D7 /* BaseTableView */ = {
			isa = PBXGroup;
			children = (
				1B0519BD1DAE3B8D00AA78D7 /* BTableView.h */,
				1B0519BE1DAE3B8D00AA78D7 /* BTableView.m */,
				1B0519BF1DAE3B8D00AA78D7 /* BTableViewCell.h */,
				1B0519C01DAE3B8D00AA78D7 /* BTableViewCell.m */,
			);
			path = BaseTableView;
			sourceTree = "<group>";
		};
		1B0519C11DAE3B8D00AA78D7 /* Calculagraph */ = {
			isa = PBXGroup;
			children = (
				1B0519C21DAE3B8D00AA78D7 /* Calculagraph.h */,
				1B0519C31DAE3B8D00AA78D7 /* Calculagraph.m */,
				1B0519C41DAE3B8D00AA78D7 /* MSWeakTimer.h */,
				1B0519C51DAE3B8D00AA78D7 /* MSWeakTimer.m */,
			);
			path = Calculagraph;
			sourceTree = "<group>";
		};
		1B0519C61DAE3B8D00AA78D7 /* Category */ = {
			isa = PBXGroup;
			children = (
				1B0519C71DAE3B8D00AA78D7 /* Addition */,
				1B0519CA1DAE3B8D00AA78D7 /* AnimatedGIF */,
				1B0519CD1DAE3B8D00AA78D7 /* Emoji */,
				1B0519D01DAE3B8D00AA78D7 /* FilterStr */,
				1B0519D31DAE3B8D00AA78D7 /* Image */,
				1B0519D81DAE3B8D00AA78D7 /* JFillImage.h */,
				1B0519D91DAE3B8D00AA78D7 /* JFillImage.m */,
				1B0519DA1DAE3B8D00AA78D7 /* NSDate+SSToolkitAdditions.h */,
				1B0519DB1DAE3B8D00AA78D7 /* NSDate+SSToolkitAdditions.m */,
				1B0519DC1DAE3B8D00AA78D7 /* NSNumber+Arithmetic.h */,
				1B0519DD1DAE3B8D00AA78D7 /* NSNumber+Arithmetic.m */,
				1B0519DE1DAE3B8D00AA78D7 /* Resize */,
				1B0519E11DAE3B8D00AA78D7 /* UITableView+FDIndexPathHeightCache.h */,
				1B0519E21DAE3B8D00AA78D7 /* UITableView+FDIndexPathHeightCache.m */,
				1B0519E31DAE3B8D00AA78D7 /* UITableView+FDKeyedHeightCache.h */,
				1B0519E41DAE3B8D00AA78D7 /* UITableView+FDKeyedHeightCache.m */,
				1B0519E51DAE3B8D00AA78D7 /* UITableView+FDTemplateLayoutCell.h */,
				1B0519E61DAE3B8D00AA78D7 /* UITableView+FDTemplateLayoutCell.m */,
				1B0519E71DAE3B8D00AA78D7 /* UITableView+FDTemplateLayoutCellDebug.h */,
				1B0519E81DAE3B8D00AA78D7 /* UITableView+FDTemplateLayoutCellDebug.m */,
				1B0519E91DAE3B8D00AA78D7 /* UIView+Fram.h */,
				1B0519EA1DAE3B8D00AA78D7 /* UIView+Fram.m */,
			);
			path = Category;
			sourceTree = "<group>";
		};
		1B0519C71DAE3B8D00AA78D7 /* Addition */ = {
			isa = PBXGroup;
			children = (
				1B0519C81DAE3B8D00AA78D7 /* CALayer+Addition.h */,
				1B0519C91DAE3B8D00AA78D7 /* CALayer+Addition.m */,
			);
			path = Addition;
			sourceTree = "<group>";
		};
		1B0519CA1DAE3B8D00AA78D7 /* AnimatedGIF */ = {
			isa = PBXGroup;
			children = (
				1B0519CB1DAE3B8D00AA78D7 /* UIImage+animatedGIF.h */,
				1B0519CC1DAE3B8D00AA78D7 /* UIImage+animatedGIF.m */,
			);
			path = AnimatedGIF;
			sourceTree = "<group>";
		};
		1B0519CD1DAE3B8D00AA78D7 /* Emoji */ = {
			isa = PBXGroup;
			children = (
				1B0519CE1DAE3B8D00AA78D7 /* NSString+Emoji.h */,
				1B0519CF1DAE3B8D00AA78D7 /* NSString+Emoji.m */,
			);
			path = Emoji;
			sourceTree = "<group>";
		};
		1B0519D01DAE3B8D00AA78D7 /* FilterStr */ = {
			isa = PBXGroup;
			children = (
				1B0519D11DAE3B8D00AA78D7 /* NSString+FilterString.h */,
				1B0519D21DAE3B8D00AA78D7 /* NSString+FilterString.m */,
			);
			path = FilterStr;
			sourceTree = "<group>";
		};
		1B0519D31DAE3B8D00AA78D7 /* Image */ = {
			isa = PBXGroup;
			children = (
				1B0519D41DAE3B8D00AA78D7 /* UIImage+BlurGlass.h */,
				1B0519D51DAE3B8D00AA78D7 /* UIImage+BlurGlass.m */,
				1B0519D61DAE3B8D00AA78D7 /* UIImage+ColorImage.h */,
				1B0519D71DAE3B8D00AA78D7 /* UIImage+ColorImage.m */,
			);
			path = Image;
			sourceTree = "<group>";
		};
		1B0519DE1DAE3B8D00AA78D7 /* Resize */ = {
			isa = PBXGroup;
			children = (
				1B0519DF1DAE3B8D00AA78D7 /* UIImage+Resize.h */,
				1B0519E01DAE3B8D00AA78D7 /* UIImage+Resize.m */,
			);
			path = Resize;
			sourceTree = "<group>";
		};
		1B0519EB1DAE3B8D00AA78D7 /* Delegate */ = {
			isa = PBXGroup;
			children = (
				1B0519EC1DAE3B8D00AA78D7 /* JTableViewDelegate.h */,
				1B0519ED1DAE3B8D00AA78D7 /* JTableViewDelegate.m */,
			);
			path = Delegate;
			sourceTree = "<group>";
		};
		1B0519EE1DAE3B8D00AA78D7 /* FMDB */ = {
			isa = PBXGroup;
			children = (
				1B0519EF1DAE3B8D00AA78D7 /* DBManager.h */,
				1B0519F01DAE3B8D00AA78D7 /* DBManager.m */,
			);
			path = FMDB;
			sourceTree = "<group>";
		};
		1B0519F11DAE3B8D00AA78D7 /* JmpVC */ = {
			isa = PBXGroup;
			children = (
				1B0519F21DAE3B8D00AA78D7 /* JmpManager.h */,
				1B0519F31DAE3B8D00AA78D7 /* JmpManager.m */,
			);
			path = JmpVC;
			sourceTree = "<group>";
		};
		1B0519F41DAE3B8D00AA78D7 /* MemoryLog */ = {
			isa = PBXGroup;
			children = (
				1B0519F51DAE3B8D00AA78D7 /* MemoryLog.h */,
				1B0519F61DAE3B8D00AA78D7 /* MemoryLog.m */,
			);
			path = MemoryLog;
			sourceTree = "<group>";
		};
		1B0519F71DAE3B8D00AA78D7 /* PageManager */ = {
			isa = PBXGroup;
			children = (
				1B0519F81DAE3B8D00AA78D7 /* ControllerManager.h */,
				1B0519F91DAE3B8D00AA78D7 /* ControllerManager.m */,
				1B0519FA1DAE3B8D00AA78D7 /* DataManager.h */,
				1B0519FB1DAE3B8D00AA78D7 /* DataManager.m */,
				1B0519FC1DAE3B8D00AA78D7 /* PageManager.h */,
				1B0519FD1DAE3B8D00AA78D7 /* PageManager.m */,
				1B0519FE1DAE3B8D00AA78D7 /* Post.h */,
				1B0519FF1DAE3B8D00AA78D7 /* Post.m */,
				1B051A001DAE3B8D00AA78D7 /* PostModel.h */,
				1B051A011DAE3B8D00AA78D7 /* PostModel.m */,
			);
			path = PageManager;
			sourceTree = "<group>";
		};
		1B051A021DAE3B8D00AA78D7 /* PhotoPicker */ = {
			isa = PBXGroup;
			children = (
				1B051A031DAE3B8D00AA78D7 /* PhotoGroupInfo.h */,
				1B051A041DAE3B8D00AA78D7 /* PhotoGroupInfo.m */,
				1B051A051DAE3B8D00AA78D7 /* PhotoGroupPicker.h */,
				1B051A061DAE3B8D00AA78D7 /* PhotoGroupPicker.m */,
			);
			path = PhotoPicker;
			sourceTree = "<group>";
		};
		1B051A071DAE3B8D00AA78D7 /* String */ = {
			isa = PBXGroup;
			children = (
				1B051A081DAE3B8D00AA78D7 /* StringCheack.h */,
			);
			path = String;
			sourceTree = "<group>";
		};
		1B051A091DAE3B8D00AA78D7 /* ToolView */ = {
			isa = PBXGroup;
			children = (
				1B051A0A1DAE3B8D00AA78D7 /* ItemView.h */,
				1B051A0B1DAE3B8D00AA78D7 /* ItemView.m */,
				1B051A0C1DAE3B8D00AA78D7 /* ToolBarView.h */,
				1B051A0D1DAE3B8D00AA78D7 /* ToolBarView.m */,
				1B051A0E1DAE3B8D00AA78D7 /* ToolNavView.h */,
				1B051A0F1DAE3B8D00AA78D7 /* ToolNavView.m */,
				1B051A101DAE3B8D00AA78D7 /* ToolView.h */,
				1B051A111DAE3B8D00AA78D7 /* ToolView.m */,
			);
			path = ToolView;
			sourceTree = "<group>";
		};
		1B051A121DAE3B8D00AA78D7 /* UserManager */ = {
			isa = PBXGroup;
			children = (
				1B051A131DAE3B8D00AA78D7 /* ShareObj.h */,
				1B051A141DAE3B8D00AA78D7 /* UsrEntity.h */,
				1B051A151DAE3B8D00AA78D7 /* UsrEntity.m */,
				1B051A161DAE3B8D00AA78D7 /* UsrManager.h */,
				1B051A171DAE3B8D00AA78D7 /* UsrManager.m */,
			);
			path = UserManager;
			sourceTree = "<group>";
		};
		1B051A181DAE3B8D00AA78D7 /* UserPhoto */ = {
			isa = PBXGroup;
			children = (
				1B051A191DAE3B8D00AA78D7 /* Base */,
				1B051A1D1DAE3B8D00AA78D7 /* FlagImageView.h */,
				1B051A1E1DAE3B8D00AA78D7 /* FlagImageView.m */,
				1B051A1F1DAE3B8D00AA78D7 /* TouchPhotoView.h */,
				1B051A201DAE3B8D00AA78D7 /* TouchPhotoView.m */,
			);
			path = UserPhoto;
			sourceTree = "<group>";
		};
		1B051A191DAE3B8D00AA78D7 /* Base */ = {
			isa = PBXGroup;
			children = (
				1B051A1A1DAE3B8D00AA78D7 /* 1.jpg */,
				1B051A1B1DAE3B8D00AA78D7 /* BFilletImageView.h */,
				1B051A1C1DAE3B8D00AA78D7 /* BFilletImageView.m */,
			);
			path = Base;
			sourceTree = "<group>";
		};
		1B051A211DAE3B8D00AA78D7 /* 气泡 */ = {
			isa = PBXGroup;
			children = (
				1B051A221DAE3B8D00AA78D7 /* Bubble.h */,
				1B051A231DAE3B8D00AA78D7 /* Bubble.m */,
			);
			path = "气泡";
			sourceTree = "<group>";
		};
		1B051A521DAE3BFE00AA78D7 /* XCHudHelper */ = {
			isa = PBXGroup;
			children = (
				1B051A531DAE3BFE00AA78D7 /* XCHudHelper.h */,
				1B051A541DAE3BFE00AA78D7 /* XCHudHelper.m */,
			);
			path = XCHudHelper;
			sourceTree = "<group>";
		};
		1B058FDB1DAE2BD400B4DEF8 = {
			isa = PBXGroup;
			children = (
				1B058FE61DAE2BD400B4DEF8 /* FinalEdition */,
				1B0590001DAE2BD400B4DEF8 /* FinalEditionTests */,
				1B05900B1DAE2BD500B4DEF8 /* FinalEditionUITests */,
				1B058FE51DAE2BD400B4DEF8 /* Products */,
			);
			sourceTree = "<group>";
		};
		1B058FE51DAE2BD400B4DEF8 /* Products */ = {
			isa = PBXGroup;
			children = (
				1B058FE41DAE2BD400B4DEF8 /* FinalEdition.app */,
				1B058FFD1DAE2BD400B4DEF8 /* FinalEditionTests.xctest */,
				1B0590081DAE2BD500B4DEF8 /* FinalEditionUITests.xctest */,
			);
			name = Products;
			sourceTree = "<group>";
		};
		1B058FE61DAE2BD400B4DEF8 /* FinalEdition */ = {
			isa = PBXGroup;
			children = (
				1B0519AC1DAE3B8D00AA78D7 /* Pro */,
				1B058FEA1DAE2BD400B4DEF8 /* AppDelegate.h */,
				1B058FEB1DAE2BD400B4DEF8 /* AppDelegate.m */,
				1B058FED1DAE2BD400B4DEF8 /* ViewController.h */,
				1B058FEE1DAE2BD400B4DEF8 /* ViewController.m */,
				1B058FF01DAE2BD400B4DEF8 /* Main.storyboard */,
				1B058FF31DAE2BD400B4DEF8 /* Assets.xcassets */,
				1B058FF51DAE2BD400B4DEF8 /* LaunchScreen.storyboard */,
				1B058FF81DAE2BD400B4DEF8 /* Info.plist */,
				1B058FE71DAE2BD400B4DEF8 /* Supporting Files */,
			);
			path = FinalEdition;
			sourceTree = "<group>";
		};
		1B058FE71DAE2BD400B4DEF8 /* Supporting Files */ = {
			isa = PBXGroup;
			children = (
				1B058FE81DAE2BD400B4DEF8 /* main.m */,
			);
			name = "Supporting Files";
			sourceTree = "<group>";
		};
		1B0590001DAE2BD400B4DEF8 /* FinalEditionTests */ = {
			isa = PBXGroup;
			children = (
				1B0590011DAE2BD400B4DEF8 /* FinalEditionTests.m */,
				1B0590031DAE2BD500B4DEF8 /* Info.plist */,
			);
			path = FinalEditionTests;
			sourceTree = "<group>";
		};
		1B05900B1DAE2BD500B4DEF8 /* FinalEditionUITests */ = {
			isa = PBXGroup;
			children = (
				1B05900C1DAE2BD500B4DEF8 /* FinalEditionUITests.m */,
				1B05900E1DAE2BD500B4DEF8 /* Info.plist */,
			);
			path = FinalEditionUITests;
			sourceTree = "<group>";
		};
		1B60CF871DAF2F5200FAB726 /* Post */ = {
			isa = PBXGroup;
			children = (
				1B60CF881DAF2F5200FAB726 /* Post.h */,
				1B60CF891DAF2F5200FAB726 /* Post.m */,
				1B60CF8A1DAF2F5200FAB726 /* PostModel.h */,
				1B60CF8B1DAF2F5200FAB726 /* PostModel.m */,
			);
			path = Post;
			sourceTree = "<group>";
		};
		1B60CF8E1DAF2F8900FAB726 /* MJExtension */ = {
			isa = PBXGroup;
			children = (
				1B60CF8F1DAF2F8900FAB726 /* LICENSE */,
				1B60CF901DAF2F8900FAB726 /* MJExtension */,
				1B60CFA81DAF2F8900FAB726 /* README.md */,
			);
			path = MJExtension;
			sourceTree = "<group>";
		};
		1B60CF901DAF2F8900FAB726 /* MJExtension */ = {
			isa = PBXGroup;
			children = (
				1B60CF911DAF2F8900FAB726 /* MJDictionaryCache.h */,
				1B60CF921DAF2F8900FAB726 /* MJDictionaryCache.m */,
				1B60CF931DAF2F8900FAB726 /* MJExtension.h */,
				1B60CF941DAF2F8900FAB726 /* MJExtensionConst.h */,
				1B60CF951DAF2F8900FAB726 /* MJExtensionConst.m */,
				1B60CF961DAF2F8900FAB726 /* MJFoundation.h */,
				1B60CF971DAF2F8900FAB726 /* MJFoundation.m */,
				1B60CF981DAF2F8900FAB726 /* MJProperty.h */,
				1B60CF991DAF2F8900FAB726 /* MJProperty.m */,
				1B60CF9A1DAF2F8900FAB726 /* MJPropertyKey.h */,
				1B60CF9B1DAF2F8900FAB726 /* MJPropertyKey.m */,
				1B60CF9C1DAF2F8900FAB726 /* MJPropertyType.h */,
				1B60CF9D1DAF2F8900FAB726 /* MJPropertyType.m */,
				1B60CF9E1DAF2F8900FAB726 /* NSObject+MJClass.h */,
				1B60CF9F1DAF2F8900FAB726 /* NSObject+MJClass.m */,
				1B60CFA01DAF2F8900FAB726 /* NSObject+MJCoding.h */,
				1B60CFA11DAF2F8900FAB726 /* NSObject+MJCoding.m */,
				1B60CFA21DAF2F8900FAB726 /* NSObject+MJKeyValue.h */,
				1B60CFA31DAF2F8900FAB726 /* NSObject+MJKeyValue.m */,
				1B60CFA41DAF2F8900FAB726 /* NSObject+MJProperty.h */,
				1B60CFA51DAF2F8900FAB726 /* NSObject+MJProperty.m */,
				1B60CFA61DAF2F8900FAB726 /* NSString+MJExtension.h */,
				1B60CFA71DAF2F8900FAB726 /* NSString+MJExtension.m */,
			);
			path = MJExtension;
			sourceTree = "<group>";
		};
		1B60CFB61DAF2FA500FAB726 /* AFNetworking */ = {
			isa = PBXGroup;
			children = (
				1B60CFB71DAF2FA500FAB726 /* AFNetworking */,
				1B60CFCB1DAF2FA500FAB726 /* LICENSE */,
				1B60CFCC1DAF2FA500FAB726 /* README.md */,
				1B60CFCD1DAF2FA500FAB726 /* UIKit+AFNetworking */,
			);
			path = AFNetworking;
			sourceTree = "<group>";
		};
		1B60CFB71DAF2FA500FAB726 /* AFNetworking */ = {
			isa = PBXGroup;
			children = (
				1B60CFB81DAF2FA500FAB726 /* AFHTTPRequestOperation.h */,
				1B60CFB91DAF2FA500FAB726 /* AFHTTPRequestOperation.m */,
				1B60CFBA1DAF2FA500FAB726 /* AFHTTPRequestOperationManager.h */,
				1B60CFBB1DAF2FA500FAB726 /* AFHTTPRequestOperationManager.m */,
				1B60CFBC1DAF2FA500FAB726 /* AFHTTPSessionManager.h */,
				1B60CFBD1DAF2FA500FAB726 /* AFHTTPSessionManager.m */,
				1B60CFBE1DAF2FA500FAB726 /* AFNetworking.h */,
				1B60CFBF1DAF2FA500FAB726 /* AFNetworkReachabilityManager.h */,
				1B60CFC01DAF2FA500FAB726 /* AFNetworkReachabilityManager.m */,
				1B60CFC11DAF2FA500FAB726 /* AFSecurityPolicy.h */,
				1B60CFC21DAF2FA500FAB726 /* AFSecurityPolicy.m */,
				1B60CFC31DAF2FA500FAB726 /* AFURLConnectionOperation.h */,
				1B60CFC41DAF2FA500FAB726 /* AFURLConnectionOperation.m */,
				1B60CFC51DAF2FA500FAB726 /* AFURLRequestSerialization.h */,
				1B60CFC61DAF2FA500FAB726 /* AFURLRequestSerialization.m */,
				1B60CFC71DAF2FA500FAB726 /* AFURLResponseSerialization.h */,
				1B60CFC81DAF2FA500FAB726 /* AFURLResponseSerialization.m */,
				1B60CFC91DAF2FA500FAB726 /* AFURLSessionManager.h */,
				1B60CFCA1DAF2FA500FAB726 /* AFURLSessionManager.m */,
			);
			path = AFNetworking;
			sourceTree = "<group>";
		};
		1B60CFCD1DAF2FA500FAB726 /* UIKit+AFNetworking */ = {
			isa = PBXGroup;
			children = (
				1B60CFCE1DAF2FA500FAB726 /* AFNetworkActivityIndicatorManager.h */,
				1B60CFCF1DAF2FA500FAB726 /* AFNetworkActivityIndicatorManager.m */,
				1B60CFD01DAF2FA500FAB726 /* UIActivityIndicatorView+AFNetworking.h */,
				1B60CFD11DAF2FA500FAB726 /* UIActivityIndicatorView+AFNetworking.m */,
				1B60CFD21DAF2FA500FAB726 /* UIAlertView+AFNetworking.h */,
				1B60CFD31DAF2FA500FAB726 /* UIAlertView+AFNetworking.m */,
				1B60CFD41DAF2FA500FAB726 /* UIButton+AFNetworking.h */,
				1B60CFD51DAF2FA500FAB726 /* UIButton+AFNetworking.m */,
				1B60CFD61DAF2FA500FAB726 /* UIImage+AFNetworking.h */,
				1B60CFD71DAF2FA500FAB726 /* UIImageView+AFNetworking.h */,
				1B60CFD81DAF2FA500FAB726 /* UIImageView+AFNetworking.m */,
				1B60CFD91DAF2FA500FAB726 /* UIKit+AFNetworking.h */,
				1B60CFDA1DAF2FA500FAB726 /* UIProgressView+AFNetworking.h */,
				1B60CFDB1DAF2FA500FAB726 /* UIProgressView+AFNetworking.m */,
				1B60CFDC1DAF2FA500FAB726 /* UIRefreshControl+AFNetworking.h */,
				1B60CFDD1DAF2FA500FAB726 /* UIRefreshControl+AFNetworking.m */,
				1B60CFDE1DAF2FA500FAB726 /* UIWebView+AFNetworking.h */,
				1B60CFDF1DAF2FA500FAB726 /* UIWebView+AFNetworking.m */,
			);
			path = "UIKit+AFNetworking";
			sourceTree = "<group>";
		};
		1B60CFF31DAF2FF300FAB726 /* Rc */ = {
			isa = PBXGroup;
			children = (
				1B60F4841DAF644C00FAB726 /* SrcHelper.h */,
				1B60F4851DAF644C00FAB726 /* SrcHelper.m */,
				1B60CFF41DAF2FF300FAB726 /* GlobeConst.h */,
				1B60CFF51DAF2FF300FAB726 /* GlobeConst.m */,
			);
			path = Rc;
			sourceTree = "<group>";
		};
		1B60CFF91DAF322F00FAB726 /* BPageManager */ = {
			isa = PBXGroup;
			children = (
				1B60CFFA1DAF322F00FAB726 /* BPageController.h */,
				1B60CFFB1DAF322F00FAB726 /* BPageController.m */,
			);
			path = BPageManager;
			sourceTree = "<group>";
		};
		1B60CFFD1DAF324C00FAB726 /* BaseViewController */ = {
			isa = PBXGroup;
			children = (
				1B60CFFE1DAF325A00FAB726 /* BViewController.h */,
				1B60CFFF1DAF325A00FAB726 /* BViewController.m */,
			);
			path = BaseViewController;
			sourceTree = "<group>";
		};
/* End PBXGroup section */

/* Begin PBXNativeTarget section */
		1B058FE31DAE2BD400B4DEF8 /* FinalEdition */ = {
			isa = PBXNativeTarget;
			buildConfigurationList = 1B0590111DAE2BD500B4DEF8 /* Build configuration list for PBXNativeTarget "FinalEdition" */;
			buildPhases = (
				1B058FE01DAE2BD400B4DEF8 /* Sources */,
				1B058FE11DAE2BD400B4DEF8 /* Frameworks */,
				1B058FE21DAE2BD400B4DEF8 /* Resources */,
			);
			buildRules = (
			);
			dependencies = (
			);
			name = FinalEdition;
			productName = FinalEdition;
			productReference = 1B058FE41DAE2BD400B4DEF8 /* FinalEdition.app */;
			productType = "com.apple.product-type.application";
		};
		1B058FFC1DAE2BD400B4DEF8 /* FinalEditionTests */ = {
			isa = PBXNativeTarget;
			buildConfigurationList = 1B0590141DAE2BD500B4DEF8 /* Build configuration list for PBXNativeTarget "FinalEditionTests" */;
			buildPhases = (
				1B058FF91DAE2BD400B4DEF8 /* Sources */,
				1B058FFA1DAE2BD400B4DEF8 /* Frameworks */,
				1B058FFB1DAE2BD400B4DEF8 /* Resources */,
			);
			buildRules = (
			);
			dependencies = (
				1B058FFF1DAE2BD400B4DEF8 /* PBXTargetDependency */,
			);
			name = FinalEditionTests;
			productName = FinalEditionTests;
			productReference = 1B058FFD1DAE2BD400B4DEF8 /* FinalEditionTests.xctest */;
			productType = "com.apple.product-type.bundle.unit-test";
		};
		1B0590071DAE2BD500B4DEF8 /* FinalEditionUITests */ = {
			isa = PBXNativeTarget;
			buildConfigurationList = 1B0590171DAE2BD500B4DEF8 /* Build configuration list for PBXNativeTarget "FinalEditionUITests" */;
			buildPhases = (
				1B0590041DAE2BD500B4DEF8 /* Sources */,
				1B0590051DAE2BD500B4DEF8 /* Frameworks */,
				1B0590061DAE2BD500B4DEF8 /* Resources */,
			);
			buildRules = (
			);
			dependencies = (
				1B05900A1DAE2BD500B4DEF8 /* PBXTargetDependency */,
			);
			name = FinalEditionUITests;
			productName = FinalEditionUITests;
			productReference = 1B0590081DAE2BD500B4DEF8 /* FinalEditionUITests.xctest */;
			productType = "com.apple.product-type.bundle.ui-testing";
		};
/* End PBXNativeTarget section */

/* Begin PBXProject section */
		1B058FDC1DAE2BD400B4DEF8 /* Project object */ = {
			isa = PBXProject;
			attributes = {
				LastUpgradeCheck = 0800;
				ORGANIZATIONNAME = J;
				TargetAttributes = {
					1B058FE31DAE2BD400B4DEF8 = {
						CreatedOnToolsVersion = 8.0;
						DevelopmentTeam = W6SHUFSB65;
						ProvisioningStyle = Automatic;
					};
					1B058FFC1DAE2BD400B4DEF8 = {
						CreatedOnToolsVersion = 8.0;
						DevelopmentTeam = W6SHUFSB65;
						ProvisioningStyle = Automatic;
						TestTargetID = 1B058FE31DAE2BD400B4DEF8;
					};
					1B0590071DAE2BD500B4DEF8 = {
						CreatedOnToolsVersion = 8.0;
						DevelopmentTeam = W6SHUFSB65;
						ProvisioningStyle = Automatic;
						TestTargetID = 1B058FE31DAE2BD400B4DEF8;
					};
				};
			};
			buildConfigurationList = 1B058FDF1DAE2BD400B4DEF8 /* Build configuration list for PBXProject "FinalEdition" */;
			compatibilityVersion = "Xcode 3.2";
			developmentRegion = English;
			hasScannedForEncodings = 0;
			knownRegions = (
				en,
				Base,
			);
			mainGroup = 1B058FDB1DAE2BD400B4DEF8;
			productRefGroup = 1B058FE51DAE2BD400B4DEF8 /* Products */;
			projectDirPath = "";
			projectRoot = "";
			targets = (
				1B058FE31DAE2BD400B4DEF8 /* FinalEdition */,
				1B058FFC1DAE2BD400B4DEF8 /* FinalEditionTests */,
				1B0590071DAE2BD500B4DEF8 /* FinalEditionUITests */,
			);
		};
/* End PBXProject section */

/* Begin PBXResourcesBuildPhase section */
		1B058FE21DAE2BD400B4DEF8 /* Resources */ = {
			isa = PBXResourcesBuildPhase;
			buildActionMask = 2147483647;
			files = (
				1B60CFE91DAF2FA500FAB726 /* LICENSE in Resources */,
				1B058FF71DAE2BD400B4DEF8 /* LaunchScreen.storyboard in Resources */,
				1B051A4D1DAE3B8D00AA78D7 /* 1.jpg in Resources */,
				1B058FF41DAE2BD400B4DEF8 /* Assets.xcassets in Resources */,
				1B058FF21DAE2BD400B4DEF8 /* Main.storyboard in Resources */,
				1B60CFA91DAF2F8900FAB726 /* LICENSE in Resources */,
			);
			runOnlyForDeploymentPostprocessing = 0;
		};
		1B058FFB1DAE2BD400B4DEF8 /* Resources */ = {
			isa = PBXResourcesBuildPhase;
			buildActionMask = 2147483647;
			files = (
			);
			runOnlyForDeploymentPostprocessing = 0;
		};
		1B0590061DAE2BD500B4DEF8 /* Resources */ = {
			isa = PBXResourcesBuildPhase;
			buildActionMask = 2147483647;
			files = (
			);
			runOnlyForDeploymentPostprocessing = 0;
		};
/* End PBXResourcesBuildPhase section */

/* Begin PBXSourcesBuildPhase section */
		1B058FE01DAE2BD400B4DEF8 /* Sources */ = {
			isa = PBXSourcesBuildPhase;
			buildActionMask = 2147483647;
			files = (
				1B051A491DAE3B8D00AA78D7 /* ToolNavView.m in Sources */,
				1B60CFEF1DAF2FA500FAB726 /* UIImageView+AFNetworking.m in Sources */,
				1B60CFF11DAF2FA500FAB726 /* UIRefreshControl+AFNetworking.m in Sources */,
				1B60CFB01DAF2F8900FAB726 /* NSObject+MJClass.m in Sources */,
				1B051A381DAE3B8D00AA78D7 /* UITableView+FDKeyedHeightCache.m in Sources */,
				1B051A2F1DAE3B8D00AA78D7 /* NSString+Emoji.m in Sources */,
				1B60CFAC1DAF2F8900FAB726 /* MJFoundation.m in Sources */,
				1B60CFE31DAF2FA500FAB726 /* AFNetworkReachabilityManager.m in Sources */,
				1B051A311DAE3B8D00AA78D7 /* UIImage+BlurGlass.m in Sources */,
				1B051A4F1DAE3B8D00AA78D7 /* FlagImageView.m in Sources */,
				1B60CFE11DAF2FA500FAB726 /* AFHTTPRequestOperationManager.m in Sources */,
				1B60CFE81DAF2FA500FAB726 /* AFURLSessionManager.m in Sources */,
				1B051A241DAE3B8D00AA78D7 /* CAEmitter.m in Sources */,
				1B051A301DAE3B8D00AA78D7 /* NSString+FilterString.m in Sources */,
				1B60CFB31DAF2F8900FAB726 /* NSObject+MJProperty.m in Sources */,
				1B051A441DAE3B8D00AA78D7 /* PostModel.m in Sources */,
				1B60CFE51DAF2FA500FAB726 /* AFURLConnectionOperation.m in Sources */,
				1B051A481DAE3B8D00AA78D7 /* ToolBarView.m in Sources */,
				1B60CFEE1DAF2FA500FAB726 /* UIButton+AFNetworking.m in Sources */,
				1B60CFB41DAF2F8900FAB726 /* NSString+MJExtension.m in Sources */,
				1B051A501DAE3B8D00AA78D7 /* TouchPhotoView.m in Sources */,
				1B051A2D1DAE3B8D00AA78D7 /* CALayer+Addition.m in Sources */,
				1B60CFAF1DAF2F8900FAB726 /* MJPropertyType.m in Sources */,
				1B60CFF61DAF2FF300FAB726 /* GlobeConst.m in Sources */,
				1B051A2C1DAE3B8D00AA78D7 /* MSWeakTimer.m in Sources */,
				1B051A3A1DAE3B8D00AA78D7 /* UITableView+FDTemplateLayoutCellDebug.m in Sources */,
				1B60CFAB1DAF2F8900FAB726 /* MJExtensionConst.m in Sources */,
				1B60F4861DAF644C00FAB726 /* SrcHelper.m in Sources */,
				1B60CFAE1DAF2F8900FAB726 /* MJPropertyKey.m in Sources */,
				1B60CFE01DAF2FA500FAB726 /* AFHTTPRequestOperation.m in Sources */,
				1B051A371DAE3B8D00AA78D7 /* UITableView+FDIndexPathHeightCache.m in Sources */,
				1B051A281DAE3B8D00AA78D7 /* BCollectionViewCell.m in Sources */,
				1B60CF8C1DAF2F5200FAB726 /* Post.m in Sources */,
				1B051A511DAE3B8D00AA78D7 /* Bubble.m in Sources */,
				1B60CFB51DAF2F8900FAB726 /* README.md in Sources */,
				1B60CFE21DAF2FA500FAB726 /* AFHTTPSessionManager.m in Sources */,
				1B051A341DAE3B8D00AA78D7 /* NSDate+SSToolkitAdditions.m in Sources */,
				1B051A4A1DAE3B8D00AA78D7 /* ToolView.m in Sources */,
				1B051A451DAE3B8D00AA78D7 /* PhotoGroupInfo.m in Sources */,
				1B051A4C1DAE3B8D00AA78D7 /* UsrManager.m in Sources */,
				1B60CFF21DAF2FA500FAB726 /* UIWebView+AFNetworking.m in Sources */,
				1B051A3C1DAE3B8D00AA78D7 /* JTableViewDelegate.m in Sources */,
				1B051A4B1DAE3B8D00AA78D7 /* UsrEntity.m in Sources */,
				1B60CFB21DAF2F8900FAB726 /* NSObject+MJKeyValue.m in Sources */,
				1B051A461DAE3B8D00AA78D7 /* PhotoGroupPicker.m in Sources */,
				1B058FEF1DAE2BD400B4DEF8 /* ViewController.m in Sources */,
				1B60CFE71DAF2FA500FAB726 /* AFURLResponseSerialization.m in Sources */,
				1B051A401DAE3B8D00AA78D7 /* ControllerManager.m in Sources */,
				1B051A3E1DAE3B8D00AA78D7 /* JmpManager.m in Sources */,
				1B051A3B1DAE3B8D00AA78D7 /* UIView+Fram.m in Sources */,
				1B60D0001DAF325A00FAB726 /* BViewController.m in Sources */,
				1B051A271DAE3B8D00AA78D7 /* BCollectionView.m in Sources */,
				1B058FEC1DAE2BD400B4DEF8 /* AppDelegate.m in Sources */,
				1B051A471DAE3B8D00AA78D7 /* ItemView.m in Sources */,
				1B60CFAA1DAF2F8900FAB726 /* MJDictionaryCache.m in Sources */,
				1B60CFF01DAF2FA500FAB726 /* UIProgressView+AFNetworking.m in Sources */,
				1B051A3D1DAE3B8D00AA78D7 /* DBManager.m in Sources */,
				1B60CFE61DAF2FA500FAB726 /* AFURLRequestSerialization.m in Sources */,
				1B051A3F1DAE3B8D00AA78D7 /* MemoryLog.m in Sources */,
				1B60CFEC1DAF2FA500FAB726 /* UIActivityIndicatorView+AFNetworking.m in Sources */,
				1B051A431DAE3B8D00AA78D7 /* Post.m in Sources */,
				1B051A251DAE3B8D00AA78D7 /* CompressImage.m in Sources */,
				1B051A391DAE3B8D00AA78D7 /* UITableView+FDTemplateLayoutCell.m in Sources */,
				1B051A2B1DAE3B8D00AA78D7 /* Calculagraph.m in Sources */,
				1B60CFB11DAF2F8900FAB726 /* NSObject+MJCoding.m in Sources */,
				1B051A331DAE3B8D00AA78D7 /* JFillImage.m in Sources */,
				1B051A2A1DAE3B8D00AA78D7 /* BTableViewCell.m in Sources */,
				1B60CFEA1DAF2FA500FAB726 /* README.md in Sources */,
				1B60CFED1DAF2FA500FAB726 /* UIAlertView+AFNetworking.m in Sources */,
				1B051A291DAE3B8D00AA78D7 /* BTableView.m in Sources */,
				1B60CFFC1DAF322F00FAB726 /* BPageController.m in Sources */,
				1B60CFAD1DAF2F8900FAB726 /* MJProperty.m in Sources */,
				1B058FE91DAE2BD400B4DEF8 /* main.m in Sources */,
				1B051A351DAE3B8D00AA78D7 /* NSNumber+Arithmetic.m in Sources */,
				1B051A4E1DAE3B8D00AA78D7 /* BFilletImageView.m in Sources */,
				1B051A321DAE3B8D00AA78D7 /* UIImage+ColorImage.m in Sources */,
				1B60CFE41DAF2FA500FAB726 /* AFSecurityPolicy.m in Sources */,
				1B051A361DAE3B8D00AA78D7 /* UIImage+Resize.m in Sources */,
				1B051A261DAE3B8D00AA78D7 /* CompressImage.m in Sources */,
				1B051A411DAE3B8D00AA78D7 /* DataManager.m in Sources */,
				1B60CF8D1DAF2F5200FAB726 /* PostModel.m in Sources */,
				1B60CFEB1DAF2FA500FAB726 /* AFNetworkActivityIndicatorManager.m in Sources */,
				1B051A421DAE3B8D00AA78D7 /* PageManager.m in Sources */,
				1B051A2E1DAE3B8D00AA78D7 /* UIImage+animatedGIF.m in Sources */,
				1B051A551DAE3BFE00AA78D7 /* XCHudHelper.m in Sources */,
			);
			runOnlyForDeploymentPostprocessing = 0;
		};
		1B058FF91DAE2BD400B4DEF8 /* Sources */ = {
			isa = PBXSourcesBuildPhase;
			buildActionMask = 2147483647;
			files = (
				1B0590021DAE2BD400B4DEF8 /* FinalEditionTests.m in Sources */,
			);
			runOnlyForDeploymentPostprocessing = 0;
		};
		1B0590041DAE2BD500B4DEF8 /* Sources */ = {
			isa = PBXSourcesBuildPhase;
			buildActionMask = 2147483647;
			files = (
				1B05900D1DAE2BD500B4DEF8 /* FinalEditionUITests.m in Sources */,
			);
			runOnlyForDeploymentPostprocessing = 0;
		};
/* End PBXSourcesBuildPhase section */

/* Begin PBXTargetDependency section */
		1B058FFF1DAE2BD400B4DEF8 /* PBXTargetDependency */ = {
			isa = PBXTargetDependency;
			target = 1B058FE31DAE2BD400B4DEF8 /* FinalEdition */;
			targetProxy = 1B058FFE1DAE2BD400B4DEF8 /* PBXContainerItemProxy */;
		};
		1B05900A1DAE2BD500B4DEF8 /* PBXTargetDependency */ = {
			isa = PBXTargetDependency;
			target = 1B058FE31DAE2BD400B4DEF8 /* FinalEdition */;
			targetProxy = 1B0590091DAE2BD500B4DEF8 /* PBXContainerItemProxy */;
		};
/* End PBXTargetDependency section */

/* Begin PBXVariantGroup section */
		1B058FF01DAE2BD400B4DEF8 /* Main.storyboard */ = {
			isa = PBXVariantGroup;
			children = (
				1B058FF11DAE2BD400B4DEF8 /* Base */,
			);
			name = Main.storyboard;
			sourceTree = "<group>";
		};
		1B058FF51DAE2BD400B4DEF8 /* LaunchScreen.storyboard */ = {
			isa = PBXVariantGroup;
			children = (
				1B058FF61DAE2BD400B4DEF8 /* Base */,
			);
			name = LaunchScreen.storyboard;
			sourceTree = "<group>";
		};
/* End PBXVariantGroup section */

/* Begin XCBuildConfiguration section */
		1B05900F1DAE2BD500B4DEF8 /* Debug */ = {
			isa = XCBuildConfiguration;
			buildSettings = {
				ALWAYS_SEARCH_USER_PATHS = NO;
				CLANG_ANALYZER_NONNULL = YES;
				CLANG_CXX_LANGUAGE_STANDARD = "gnu++0x";
				CLANG_CXX_LIBRARY = "libc++";
				CLANG_ENABLE_MODULES = YES;
				CLANG_ENABLE_OBJC_ARC = YES;
				CLANG_WARN_BOOL_CONVERSION = YES;
				CLANG_WARN_CONSTANT_CONVERSION = YES;
				CLANG_WARN_DIRECT_OBJC_ISA_USAGE = YES_ERROR;
				CLANG_WARN_DOCUMENTATION_COMMENTS = YES;
				CLANG_WARN_EMPTY_BODY = YES;
				CLANG_WARN_ENUM_CONVERSION = YES;
				CLANG_WARN_INFINITE_RECURSION = YES;
				CLANG_WARN_INT_CONVERSION = YES;
				CLANG_WARN_OBJC_ROOT_CLASS = YES_ERROR;
				CLANG_WARN_SUSPICIOUS_MOVES = YES;
				CLANG_WARN_UNREACHABLE_CODE = YES;
				CLANG_WARN__DUPLICATE_METHOD_MATCH = YES;
				"CODE_SIGN_IDENTITY[sdk=iphoneos*]" = "iPhone Developer";
				COPY_PHASE_STRIP = NO;
				DEBUG_INFORMATION_FORMAT = dwarf;
				ENABLE_STRICT_OBJC_MSGSEND = YES;
				ENABLE_TESTABILITY = YES;
				GCC_C_LANGUAGE_STANDARD = gnu99;
				GCC_DYNAMIC_NO_PIC = NO;
				GCC_NO_COMMON_BLOCKS = YES;
				GCC_OPTIMIZATION_LEVEL = 0;
				GCC_PREPROCESSOR_DEFINITIONS = (
					"DEBUG=1",
					"$(inherited)",
				);
				GCC_WARN_64_TO_32_BIT_CONVERSION = YES;
				GCC_WARN_ABOUT_RETURN_TYPE = YES_ERROR;
				GCC_WARN_UNDECLARED_SELECTOR = YES;
				GCC_WARN_UNINITIALIZED_AUTOS = YES_AGGRESSIVE;
				GCC_WARN_UNUSED_FUNCTION = YES;
				GCC_WARN_UNUSED_VARIABLE = YES;
				IPHONEOS_DEPLOYMENT_TARGET = 10.0;
				MTL_ENABLE_DEBUG_INFO = YES;
				ONLY_ACTIVE_ARCH = YES;
				SDKROOT = iphoneos;
				TARGETED_DEVICE_FAMILY = "1,2";
			};
			name = Debug;
		};
		1B0590101DAE2BD500B4DEF8 /* Release */ = {
			isa = XCBuildConfiguration;
			buildSettings = {
				ALWAYS_SEARCH_USER_PATHS = NO;
				CLANG_ANALYZER_NONNULL = YES;
				CLANG_CXX_LANGUAGE_STANDARD = "gnu++0x";
				CLANG_CXX_LIBRARY = "libc++";
				CLANG_ENABLE_MODULES = YES;
				CLANG_ENABLE_OBJC_ARC = YES;
				CLANG_WARN_BOOL_CONVERSION = YES;
				CLANG_WARN_CONSTANT_CONVERSION = YES;
				CLANG_WARN_DIRECT_OBJC_ISA_USAGE = YES_ERROR;
				CLANG_WARN_DOCUMENTATION_COMMENTS = YES;
				CLANG_WARN_EMPTY_BODY = YES;
				CLANG_WARN_ENUM_CONVERSION = YES;
				CLANG_WARN_INFINITE_RECURSION = YES;
				CLANG_WARN_INT_CONVERSION = YES;
				CLANG_WARN_OBJC_ROOT_CLASS = YES_ERROR;
				CLANG_WARN_SUSPICIOUS_MOVES = YES;
				CLANG_WARN_UNREACHABLE_CODE = YES;
				CLANG_WARN__DUPLICATE_METHOD_MATCH = YES;
				"CODE_SIGN_IDENTITY[sdk=iphoneos*]" = "iPhone Developer";
				COPY_PHASE_STRIP = NO;
				DEBUG_INFORMATION_FORMAT = "dwarf-with-dsym";
				ENABLE_NS_ASSERTIONS = NO;
				ENABLE_STRICT_OBJC_MSGSEND = YES;
				GCC_C_LANGUAGE_STANDARD = gnu99;
				GCC_NO_COMMON_BLOCKS = YES;
				GCC_WARN_64_TO_32_BIT_CONVERSION = YES;
				GCC_WARN_ABOUT_RETURN_TYPE = YES_ERROR;
				GCC_WARN_UNDECLARED_SELECTOR = YES;
				GCC_WARN_UNINITIALIZED_AUTOS = YES_AGGRESSIVE;
				GCC_WARN_UNUSED_FUNCTION = YES;
				GCC_WARN_UNUSED_VARIABLE = YES;
				IPHONEOS_DEPLOYMENT_TARGET = 10.0;
				MTL_ENABLE_DEBUG_INFO = NO;
				SDKROOT = iphoneos;
				TARGETED_DEVICE_FAMILY = "1,2";
				VALIDATE_PRODUCT = YES;
			};
			name = Release;
		};
		1B0590121DAE2BD500B4DEF8 /* Debug */ = {
			isa = XCBuildConfiguration;
			buildSettings = {
				ASSETCATALOG_COMPILER_APPICON_NAME = AppIcon;
				DEVELOPMENT_TEAM = W6SHUFSB65;
				GCC_PREFIX_HEADER = "$(SRCROOT)/$(PROJECT_NAME)/PrefixHeader.pch";
				INFOPLIST_FILE = FinalEdition/Info.plist;
				LD_RUNPATH_SEARCH_PATHS = "$(inherited) @executable_path/Frameworks";
				PRODUCT_BUNDLE_IDENTIFIER = com.demo.FinalEdition;
				PRODUCT_NAME = "$(TARGET_NAME)";
			};
			name = Debug;
		};
		1B0590131DAE2BD500B4DEF8 /* Release */ = {
			isa = XCBuildConfiguration;
			buildSettings = {
				ASSETCATALOG_COMPILER_APPICON_NAME = AppIcon;
				DEVELOPMENT_TEAM = W6SHUFSB65;
				GCC_PREFIX_HEADER = "$(SRCROOT)/$(PROJECT_NAME)/PrefixHeader.pch";
				INFOPLIST_FILE = FinalEdition/Info.plist;
				LD_RUNPATH_SEARCH_PATHS = "$(inherited) @executable_path/Frameworks";
				PRODUCT_BUNDLE_IDENTIFIER = com.demo.FinalEdition;
				PRODUCT_NAME = "$(TARGET_NAME)";
			};
			name = Release;
		};
		1B0590151DAE2BD500B4DEF8 /* Debug */ = {
			isa = XCBuildConfiguration;
			buildSettings = {
				BUNDLE_LOADER = "$(TEST_HOST)";
				DEVELOPMENT_TEAM = W6SHUFSB65;
				INFOPLIST_FILE = FinalEditionTests/Info.plist;
				LD_RUNPATH_SEARCH_PATHS = "$(inherited) @executable_path/Frameworks @loader_path/Frameworks";
				PRODUCT_BUNDLE_IDENTIFIER = com.demo.FinalEditionTests;
				PRODUCT_NAME = "$(TARGET_NAME)";
				TEST_HOST = "$(BUILT_PRODUCTS_DIR)/FinalEdition.app/FinalEdition";
			};
			name = Debug;
		};
		1B0590161DAE2BD500B4DEF8 /* Release */ = {
			isa = XCBuildConfiguration;
			buildSettings = {
				BUNDLE_LOADER = "$(TEST_HOST)";
				DEVELOPMENT_TEAM = W6SHUFSB65;
				INFOPLIST_FILE = FinalEditionTests/Info.plist;
				LD_RUNPATH_SEARCH_PATHS = "$(inherited) @executable_path/Frameworks @loader_path/Frameworks";
				PRODUCT_BUNDLE_IDENTIFIER = com.demo.FinalEditionTests;
				PRODUCT_NAME = "$(TARGET_NAME)";
				TEST_HOST = "$(BUILT_PRODUCTS_DIR)/FinalEdition.app/FinalEdition";
			};
			name = Release;
		};
		1B0590181DAE2BD500B4DEF8 /* Debug */ = {
			isa = XCBuildConfiguration;
			buildSettings = {
				DEVELOPMENT_TEAM = W6SHUFSB65;
				INFOPLIST_FILE = FinalEditionUITests/Info.plist;
				LD_RUNPATH_SEARCH_PATHS = "$(inherited) @executable_path/Frameworks @loader_path/Frameworks";
				PRODUCT_BUNDLE_IDENTIFIER = com.demo.FinalEditionUITests;
				PRODUCT_NAME = "$(TARGET_NAME)";
				TEST_TARGET_NAME = FinalEdition;
			};
			name = Debug;
		};
		1B0590191DAE2BD500B4DEF8 /* Release */ = {
			isa = XCBuildConfiguration;
			buildSettings = {
				DEVELOPMENT_TEAM = W6SHUFSB65;
				INFOPLIST_FILE = FinalEditionUITests/Info.plist;
				LD_RUNPATH_SEARCH_PATHS = "$(inherited) @executable_path/Frameworks @loader_path/Frameworks";
				PRODUCT_BUNDLE_IDENTIFIER = com.demo.FinalEditionUITests;
				PRODUCT_NAME = "$(TARGET_NAME)";
				TEST_TARGET_NAME = FinalEdition;
			};
			name = Release;
		};
/* End XCBuildConfiguration section */

/* Begin XCConfigurationList section */
		1B058FDF1DAE2BD400B4DEF8 /* Build configuration list for PBXProject "FinalEdition" */ = {
			isa = XCConfigurationList;
			buildConfigurations = (
				1B05900F1DAE2BD500B4DEF8 /* Debug */,
				1B0590101DAE2BD500B4DEF8 /* Release */,
			);
			defaultConfigurationIsVisible = 0;
			defaultConfigurationName = Release;
		};
		1B0590111DAE2BD500B4DEF8 /* Build configuration list for PBXNativeTarget "FinalEdition" */ = {
			isa = XCConfigurationList;
			buildConfigurations = (
				1B0590121DAE2BD500B4DEF8 /* Debug */,
				1B0590131DAE2BD500B4DEF8 /* Release */,
			);
			defaultConfigurationIsVisible = 0;
			defaultConfigurationName = Release;
		};
		1B0590141DAE2BD500B4DEF8 /* Build configuration list for PBXNativeTarget "FinalEditionTests" */ = {
			isa = XCConfigurationList;
			buildConfigurations = (
				1B0590151DAE2BD500B4DEF8 /* Debug */,
				1B0590161DAE2BD500B4DEF8 /* Release */,
			);
			defaultConfigurationIsVisible = 0;
			defaultConfigurationName = Release;
		};
		1B0590171DAE2BD500B4DEF8 /* Build configuration list for PBXNativeTarget "FinalEditionUITests" */ = {
			isa = XCConfigurationList;
			buildConfigurations = (
				1B0590181DAE2BD500B4DEF8 /* Debug */,
				1B0590191DAE2BD500B4DEF8 /* Release */,
			);
			defaultConfigurationIsVisible = 0;
			defaultConfigurationName = Release;
		};
/* End XCConfigurationList section */
	};
	rootObject = 1B058FDC1DAE2BD400B4DEF8 /* Project object */;
}
